// !$*UTF8*$!
{
	archiveVersion = 1;
	classes = {
	};
	objectVersion = 54;
	objects = {

/* Begin PBXBuildFile section */
		13B07FBC1A68108700A75B9A /* AppDelegate.mm in Sources */ = {isa = PBXBuildFile; fileRef = 13B07FB01A68108700A75B9A /* AppDelegate.mm */; };
		13B07FBF1A68108700A75B9A /* Images.xcassets in Resources */ = {isa = PBXBuildFile; fileRef = 13B07FB51A68108700A75B9A /* Images.xcassets */; };
		13B07FC11A68108700A75B9A /* main.m in Sources */ = {isa = PBXBuildFile; fileRef = 13B07FB71A68108700A75B9A /* main.m */; };
		1F537ACC7B60DC049C0ECFA7 /* ExpoModulesProvider.swift in Sources */ = {isa = PBXBuildFile; fileRef = 769A87FB41BCE3FEF97FD59A /* ExpoModulesProvider.swift */; };
		71142A7726C2650B0039DCBD /* CommSecureStoreIOSWrapper.mm in Sources */ = {isa = PBXBuildFile; fileRef = 71142A7626C2650A0039DCBD /* CommSecureStoreIOSWrapper.mm */; };
		711B408425DA97F9005F8F06 /* dummy.swift in Sources */ = {isa = PBXBuildFile; fileRef = 7F26E81B24440D87004049C6 /* dummy.swift */; };
		713EE41126C66B80003D7C48 /* CryptoTest.mm in Sources */ = {isa = PBXBuildFile; fileRef = 713EE41026C66B80003D7C48 /* CryptoTest.mm */; };
		71762A75270D8AAE00F565ED /* PlatformSpecificTools.mm in Sources */ = {isa = PBXBuildFile; fileRef = 71762A74270D8AAE00F565ED /* PlatformSpecificTools.mm */; };
		718DE99E2653D41C00365824 /* WorkerThread.cpp in Sources */ = {isa = PBXBuildFile; fileRef = 718DE99C2653D41C00365824 /* WorkerThread.cpp */; };
		71BE844A2636A944002849D2 /* CommCoreModule.cpp in Sources */ = {isa = PBXBuildFile; fileRef = 71BE843C2636A944002849D2 /* CommCoreModule.cpp */; };
		71BE844B2636A944002849D2 /* SQLiteQueryExecutor.cpp in Sources */ = {isa = PBXBuildFile; fileRef = 71BE84412636A944002849D2 /* SQLiteQueryExecutor.cpp */; };
		71BF5B7126B3FF0900EDE27D /* Session.cpp in Sources */ = {isa = PBXBuildFile; fileRef = 71BF5B6F26B3FF0900EDE27D /* Session.cpp */; };
		71BF5B7526B401D300EDE27D /* Tools.cpp in Sources */ = {isa = PBXBuildFile; fileRef = 71BF5B7326B401D300EDE27D /* Tools.cpp */; };
		71BF5B7F26BBDD7400EDE27D /* CryptoModule.cpp in Sources */ = {isa = PBXBuildFile; fileRef = 71BF5B7B26BBDA6100EDE27D /* CryptoModule.cpp */; };
		71CA4A64262DA8E500835C89 /* Logger.mm in Sources */ = {isa = PBXBuildFile; fileRef = 71CA4A63262DA8E500835C89 /* Logger.mm */; };
		71CA4AEC262F236100835C89 /* Tools.mm in Sources */ = {isa = PBXBuildFile; fileRef = 71CA4AEB262F236100835C89 /* Tools.mm */; };
		71D4D7CC26C50B1000FCDBCD /* CommSecureStore.mm in Sources */ = {isa = PBXBuildFile; fileRef = 71D4D7CB26C50B1000FCDBCD /* CommSecureStore.mm */; };
		724995D527B4103A00323FCE /* NotificationService.mm in Sources */ = {isa = PBXBuildFile; fileRef = 724995D427B4103A00323FCE /* NotificationService.mm */; };
		724995D927B4103A00323FCE /* NotificationService.appex in Embed App Extensions */ = {isa = PBXBuildFile; fileRef = 724995D127B4103A00323FCE /* NotificationService.appex */; settings = {ATTRIBUTES = (RemoveHeadersOnCopy, ); }; };
		724995FB27BA9E8D00323FCE /* UserNotifications.framework in Frameworks */ = {isa = PBXBuildFile; fileRef = 724995FA27BA9E8C00323FCE /* UserNotifications.framework */; };
		75291F0428F9A0D400F4C80E /* DeviceID.cpp in Sources */ = {isa = PBXBuildFile; fileRef = 75291F0328F9A0AE00F4C80E /* DeviceID.cpp */; };
		7F0C6E31291C4468002AA2D9 /* ExpoModulesProvider.swift in Sources */ = {isa = PBXBuildFile; fileRef = 3EEB3E70587B0ADAD05237B0 /* ExpoModulesProvider.swift */; };
		7F761E602201141E001B6FB7 /* JavaScriptCore.framework in Frameworks */ = {isa = PBXBuildFile; fileRef = 7F761E292201141E001B6FB7 /* JavaScriptCore.framework */; };
		7F788C2C248AA2140098F071 /* SplashScreen.storyboard in Resources */ = {isa = PBXBuildFile; fileRef = 7F788C2B248AA2130098F071 /* SplashScreen.storyboard */; };
		7F8D602126535E060053CB29 /* OpenSans-Semibold.ttf in Resources */ = {isa = PBXBuildFile; fileRef = 7F8D601E26535E060053CB29 /* OpenSans-Semibold.ttf */; };
		7F8D602226535E060053CB29 /* Anaheim-Regular.ttf in Resources */ = {isa = PBXBuildFile; fileRef = 7F8D601F26535E060053CB29 /* Anaheim-Regular.ttf */; };
		7F8D602326535E060053CB29 /* OpenSans-Regular.ttf in Resources */ = {isa = PBXBuildFile; fileRef = 7F8D602026535E060053CB29 /* OpenSans-Regular.ttf */; };
		7F8D602826535F240053CB29 /* IBMPlexSans-Bold.ttf in Resources */ = {isa = PBXBuildFile; fileRef = 7F8D602726535EEE0053CB29 /* IBMPlexSans-Bold.ttf */; };
		7F8D602926535F2A0053CB29 /* IBMPlexSans-Regular.ttf in Resources */ = {isa = PBXBuildFile; fileRef = 7F8D602626535EEE0053CB29 /* IBMPlexSans-Regular.ttf */; };
		7FA2DCDE293E62F500991BA4 /* CommIcons.ttf in Resources */ = {isa = PBXBuildFile; fileRef = 7FA2DCDC293E62F500991BA4 /* CommIcons.ttf */; };
		7FA2DCDF293E62F500991BA4 /* SWMansionIcons.ttf in Resources */ = {isa = PBXBuildFile; fileRef = 7FA2DCDD293E62F500991BA4 /* SWMansionIcons.ttf */; };
		7FE4D9F5291DFE9300667BF6 /* commJSI-generated.cpp in Sources */ = {isa = PBXBuildFile; fileRef = 7FE4D9F4291DFE9300667BF6 /* commJSI-generated.cpp */; };
		8B652FA3295EA753009F8163 /* RustPromiseManager.mm in Sources */ = {isa = PBXBuildFile; fileRef = 8B652FA2295EA753009F8163 /* RustPromiseManager.mm */; };
		8B652FA6295EAA5B009F8163 /* RustCallback.cpp in Sources */ = {isa = PBXBuildFile; fileRef = 8B652FA5295EAA5B009F8163 /* RustCallback.cpp */; };
		8B99BAAC28D50F3000EB5ADB /* libnative_rust_library.a in Frameworks */ = {isa = PBXBuildFile; fileRef = 8B99BAAB28D50F3000EB5ADB /* libnative_rust_library.a */; };
		8B99BAAE28D511FF00EB5ADB /* lib.rs.cc in Sources */ = {isa = PBXBuildFile; fileRef = 8B99BAAD28D511FF00EB5ADB /* lib.rs.cc */; };
		8E43C32C291E5B4A009378F5 /* TerminateApp.mm in Sources */ = {isa = PBXBuildFile; fileRef = 8E43C32B291E5B4A009378F5 /* TerminateApp.mm */; };
		8E86A6D329537EBB000BBE7D /* DatabaseManager.cpp in Sources */ = {isa = PBXBuildFile; fileRef = 8E86A6D229537EBB000BBE7D /* DatabaseManager.cpp */; };
		B71AFF1F265EDD8600B22352 /* IBMPlexSans-Medium.ttf in Resources */ = {isa = PBXBuildFile; fileRef = B71AFF1E265EDD8600B22352 /* IBMPlexSans-Medium.ttf */; };
		CB1648AF27CFBE6A00394D9D /* CryptoModule.cpp in Sources */ = {isa = PBXBuildFile; fileRef = 71BF5B7B26BBDA6100EDE27D /* CryptoModule.cpp */; };
		CB24361829A39A2500FEC4E1 /* NotificationsCryptoModule.cpp in Sources */ = {isa = PBXBuildFile; fileRef = CB24361729A39A2500FEC4E1 /* NotificationsCryptoModule.cpp */; };
		CB38B48228771C7A00171182 /* NonBlockingLock.mm in Sources */ = {isa = PBXBuildFile; fileRef = CB38B47B287718A200171182 /* NonBlockingLock.mm */; };
		CB38B48328771C8300171182 /* NonBlockingLock.mm in Sources */ = {isa = PBXBuildFile; fileRef = CB38B47B287718A200171182 /* NonBlockingLock.mm */; };
		CB38B48428771CAF00171182 /* EncryptedFileUtils.mm in Sources */ = {isa = PBXBuildFile; fileRef = CB38B47D2877194100171182 /* EncryptedFileUtils.mm */; };
		CB38B48528771CB800171182 /* EncryptedFileUtils.mm in Sources */ = {isa = PBXBuildFile; fileRef = CB38B47D2877194100171182 /* EncryptedFileUtils.mm */; };
		CB38B48628771CDD00171182 /* TemporaryMessageStorage.mm in Sources */ = {isa = PBXBuildFile; fileRef = CB38B47F28771A3B00171182 /* TemporaryMessageStorage.mm */; };
		CB38B48728771CE500171182 /* TemporaryMessageStorage.mm in Sources */ = {isa = PBXBuildFile; fileRef = CB38B47F28771A3B00171182 /* TemporaryMessageStorage.mm */; };
		CB38F2B1286C6C870010535C /* MessageOperationsUtilities.cpp in Sources */ = {isa = PBXBuildFile; fileRef = CB38F2AF286C6C870010535C /* MessageOperationsUtilities.cpp */; };
		CB3C621127CE4A320054F24C /* Logger.mm in Sources */ = {isa = PBXBuildFile; fileRef = 71CA4A63262DA8E500835C89 /* Logger.mm */; };
		CB3C621227CE65030054F24C /* CommSecureStoreIOSWrapper.mm in Sources */ = {isa = PBXBuildFile; fileRef = 71142A7626C2650A0039DCBD /* CommSecureStoreIOSWrapper.mm */; };
		CB4821A927CFB153001AB7E1 /* WorkerThread.cpp in Sources */ = {isa = PBXBuildFile; fileRef = 718DE99C2653D41C00365824 /* WorkerThread.cpp */; };
		CB4821AA27CFB153001AB7E1 /* Tools.mm in Sources */ = {isa = PBXBuildFile; fileRef = 71CA4AEB262F236100835C89 /* Tools.mm */; };
		CB4821AC27CFB17C001AB7E1 /* Session.cpp in Sources */ = {isa = PBXBuildFile; fileRef = 71BF5B6F26B3FF0900EDE27D /* Session.cpp */; };
		CB4821AE27CFB187001AB7E1 /* Tools.cpp in Sources */ = {isa = PBXBuildFile; fileRef = 71BF5B7326B401D300EDE27D /* Tools.cpp */; };
		CB4821AF27CFB19D001AB7E1 /* PlatformSpecificTools.mm in Sources */ = {isa = PBXBuildFile; fileRef = 71762A74270D8AAE00F565ED /* PlatformSpecificTools.mm */; };
		CB7EF17E295C674300B17035 /* CommIOSNotifications.mm in Sources */ = {isa = PBXBuildFile; fileRef = CB7EF17D295C5D1800B17035 /* CommIOSNotifications.mm */; };
		CB7EF180295C674300B17035 /* CommIOSNotificationsBridgeQueue.mm in Sources */ = {isa = PBXBuildFile; fileRef = CB7EF17B295C580500B17035 /* CommIOSNotificationsBridgeQueue.mm */; };
		CB90951F29534B32002F2A7F /* CommSecureStore.mm in Sources */ = {isa = PBXBuildFile; fileRef = 71D4D7CB26C50B1000FCDBCD /* CommSecureStore.mm */; };
		CBDEC69B28ED867000C17588 /* GlobalDBSingleton.mm in Sources */ = {isa = PBXBuildFile; fileRef = CBDEC69A28ED867000C17588 /* GlobalDBSingleton.mm */; };
		CBFE58292885852B003B94C9 /* ThreadOperations.cpp in Sources */ = {isa = PBXBuildFile; fileRef = CBFE58282885852B003B94C9 /* ThreadOperations.cpp */; };
		D7DB6E0F85B2DBE15B01EC21 /* libPods-Comm.a in Frameworks */ = {isa = PBXBuildFile; fileRef = 994BEBDD4E4959F69CEA0BC3 /* libPods-Comm.a */; };
		F02C296C528B51ADAB5AA19D /* libPods-NotificationService.a in Frameworks */ = {isa = PBXBuildFile; fileRef = 3EE4DCB430B05EC9DE7D7B01 /* libPods-NotificationService.a */; };
/* End PBXBuildFile section */

/* Begin PBXContainerItemProxy section */
		713EE40B26C6676B003D7C48 /* PBXContainerItemProxy */ = {
			isa = PBXContainerItemProxy;
			containerPortal = 83CBB9F71A601CBA00E9B192 /* Project object */;
			proxyType = 1;
			remoteGlobalIDString = 13B07F861A680F5B00A75B9A;
			remoteInfo = Comm;
		};
		724995D727B4103A00323FCE /* PBXContainerItemProxy */ = {
			isa = PBXContainerItemProxy;
			containerPortal = 83CBB9F71A601CBA00E9B192 /* Project object */;
			proxyType = 1;
			remoteGlobalIDString = 724995D027B4103A00323FCE;
			remoteInfo = NotificationService;
		};
/* End PBXContainerItemProxy section */

/* Begin PBXCopyFilesBuildPhase section */
		724995DA27B4103A00323FCE /* Embed App Extensions */ = {
			isa = PBXCopyFilesBuildPhase;
			buildActionMask = 2147483647;
			dstPath = "";
			dstSubfolderSpec = 13;
			files = (
				724995D927B4103A00323FCE /* NotificationService.appex in Embed App Extensions */,
			);
			name = "Embed App Extensions";
			runOnlyForDeploymentPostprocessing = 0;
		};
/* End PBXCopyFilesBuildPhase section */

/* Begin PBXFileReference section */
		13B07F961A680F5B00A75B9A /* Comm.app */ = {isa = PBXFileReference; explicitFileType = wrapper.application; includeInIndex = 0; path = Comm.app; sourceTree = BUILT_PRODUCTS_DIR; };
		13B07FAF1A68108700A75B9A /* AppDelegate.h */ = {isa = PBXFileReference; fileEncoding = 4; lastKnownFileType = sourcecode.c.h; name = AppDelegate.h; path = Comm/AppDelegate.h; sourceTree = "<group>"; };
		13B07FB01A68108700A75B9A /* AppDelegate.mm */ = {isa = PBXFileReference; fileEncoding = 4; lastKnownFileType = sourcecode.cpp.objcpp; name = AppDelegate.mm; path = Comm/AppDelegate.mm; sourceTree = "<group>"; };
		13B07FB51A68108700A75B9A /* Images.xcassets */ = {isa = PBXFileReference; lastKnownFileType = folder.assetcatalog; name = Images.xcassets; path = Comm/Images.xcassets; sourceTree = "<group>"; };
		13B07FB61A68108700A75B9A /* Info.release.plist */ = {isa = PBXFileReference; fileEncoding = 4; lastKnownFileType = text.plist.xml; name = Info.release.plist; path = Comm/Info.release.plist; sourceTree = "<group>"; };
		13B07FB71A68108700A75B9A /* main.m */ = {isa = PBXFileReference; fileEncoding = 4; lastKnownFileType = sourcecode.c.objc; name = main.m; path = Comm/main.m; sourceTree = "<group>"; };
		2DDA0A22FECC9DAA5C19C35D /* Metadata.h */ = {isa = PBXFileReference; fileEncoding = 4; lastKnownFileType = sourcecode.c.h; path = Metadata.h; sourceTree = "<group>"; };
		3EE4DCB430B05EC9DE7D7B01 /* libPods-NotificationService.a */ = {isa = PBXFileReference; explicitFileType = archive.ar; includeInIndex = 0; path = "libPods-NotificationService.a"; sourceTree = BUILT_PRODUCTS_DIR; };
		3EEB3E70587B0ADAD05237B0 /* ExpoModulesProvider.swift */ = {isa = PBXFileReference; includeInIndex = 1; lastKnownFileType = sourcecode.swift; name = ExpoModulesProvider.swift; path = "Pods/Target Support Files/Pods-Comm/ExpoModulesProvider.swift"; sourceTree = "<group>"; };
		71142A7526C2650A0039DCBD /* CommSecureStoreIOSWrapper.h */ = {isa = PBXFileReference; fileEncoding = 4; lastKnownFileType = sourcecode.c.h; name = CommSecureStoreIOSWrapper.h; path = Comm/CommSecureStoreIOSWrapper.h; sourceTree = "<group>"; };
		71142A7626C2650A0039DCBD /* CommSecureStoreIOSWrapper.mm */ = {isa = PBXFileReference; fileEncoding = 4; lastKnownFileType = sourcecode.cpp.objcpp; name = CommSecureStoreIOSWrapper.mm; path = Comm/CommSecureStoreIOSWrapper.mm; sourceTree = "<group>"; };
		711CF80E25DC096000A00FBD /* libFolly.a */ = {isa = PBXFileReference; explicitFileType = archive.ar; path = libFolly.a; sourceTree = BUILT_PRODUCTS_DIR; };
		713EE40626C6676B003D7C48 /* CommTests.xctest */ = {isa = PBXFileReference; explicitFileType = wrapper.cfbundle; includeInIndex = 0; path = CommTests.xctest; sourceTree = BUILT_PRODUCTS_DIR; };
		713EE40A26C6676B003D7C48 /* Info.plist */ = {isa = PBXFileReference; lastKnownFileType = text.plist.xml; path = Info.plist; sourceTree = "<group>"; };
		713EE41026C66B80003D7C48 /* CryptoTest.mm */ = {isa = PBXFileReference; lastKnownFileType = sourcecode.cpp.objcpp; path = CryptoTest.mm; sourceTree = "<group>"; };
		71762A74270D8AAE00F565ED /* PlatformSpecificTools.mm */ = {isa = PBXFileReference; fileEncoding = 4; lastKnownFileType = sourcecode.cpp.objcpp; name = PlatformSpecificTools.mm; path = Comm/PlatformSpecificTools.mm; sourceTree = "<group>"; };
		718DE99C2653D41C00365824 /* WorkerThread.cpp */ = {isa = PBXFileReference; lastKnownFileType = sourcecode.cpp.cpp; path = WorkerThread.cpp; sourceTree = "<group>"; };
		718DE99D2653D41C00365824 /* WorkerThread.h */ = {isa = PBXFileReference; lastKnownFileType = sourcecode.c.h; path = WorkerThread.h; sourceTree = "<group>"; };
		71B8CCBD26BD4DEB0040C0A2 /* CommSecureStore.h */ = {isa = PBXFileReference; lastKnownFileType = sourcecode.c.h; path = CommSecureStore.h; sourceTree = "<group>"; };
		71BE84392636A944002849D2 /* Logger.h */ = {isa = PBXFileReference; fileEncoding = 4; lastKnownFileType = sourcecode.c.h; path = Logger.h; sourceTree = "<group>"; };
		71BE843C2636A944002849D2 /* CommCoreModule.cpp */ = {isa = PBXFileReference; fileEncoding = 4; lastKnownFileType = sourcecode.cpp.cpp; path = CommCoreModule.cpp; sourceTree = "<group>"; };
		71BE843E2636A944002849D2 /* CommCoreModule.h */ = {isa = PBXFileReference; fileEncoding = 4; lastKnownFileType = sourcecode.c.h; path = CommCoreModule.h; sourceTree = "<group>"; };
		71BE84402636A944002849D2 /* DatabaseQueryExecutor.h */ = {isa = PBXFileReference; fileEncoding = 4; lastKnownFileType = sourcecode.c.h; path = DatabaseQueryExecutor.h; sourceTree = "<group>"; };
		71BE84412636A944002849D2 /* SQLiteQueryExecutor.cpp */ = {isa = PBXFileReference; fileEncoding = 4; lastKnownFileType = sourcecode.cpp.cpp; path = SQLiteQueryExecutor.cpp; sourceTree = "<group>"; };
		71BE84422636A944002849D2 /* SQLiteQueryExecutor.h */ = {isa = PBXFileReference; fileEncoding = 4; lastKnownFileType = sourcecode.c.h; path = SQLiteQueryExecutor.h; sourceTree = "<group>"; };
		71BE84432636A944002849D2 /* DatabaseManager.h */ = {isa = PBXFileReference; fileEncoding = 4; lastKnownFileType = sourcecode.c.h; path = DatabaseManager.h; sourceTree = "<group>"; };
		71BE84452636A944002849D2 /* Draft.h */ = {isa = PBXFileReference; fileEncoding = 4; lastKnownFileType = sourcecode.c.h; path = Draft.h; sourceTree = "<group>"; };
		71BE84482636A944002849D2 /* sqlite_orm.h */ = {isa = PBXFileReference; fileEncoding = 4; lastKnownFileType = sourcecode.c.h; path = sqlite_orm.h; sourceTree = "<group>"; };
		71BF5B6F26B3FF0900EDE27D /* Session.cpp */ = {isa = PBXFileReference; lastKnownFileType = sourcecode.cpp.cpp; path = Session.cpp; sourceTree = "<group>"; };
		71BF5B7026B3FF0900EDE27D /* Session.h */ = {isa = PBXFileReference; lastKnownFileType = sourcecode.c.h; path = Session.h; sourceTree = "<group>"; };
		71BF5B7226B3FFBC00EDE27D /* Persist.h */ = {isa = PBXFileReference; lastKnownFileType = sourcecode.c.h; path = Persist.h; sourceTree = "<group>"; };
		71BF5B7326B401D300EDE27D /* Tools.cpp */ = {isa = PBXFileReference; lastKnownFileType = sourcecode.cpp.cpp; path = Tools.cpp; sourceTree = "<group>"; };
		71BF5B7426B401D300EDE27D /* Tools.h */ = {isa = PBXFileReference; lastKnownFileType = sourcecode.c.h; path = Tools.h; sourceTree = "<group>"; };
		71BF5B7A26BBDA6000EDE27D /* CryptoModule.h */ = {isa = PBXFileReference; lastKnownFileType = sourcecode.c.h; path = CryptoModule.h; sourceTree = "<group>"; };
		71BF5B7B26BBDA6100EDE27D /* CryptoModule.cpp */ = {isa = PBXFileReference; lastKnownFileType = sourcecode.cpp.cpp; path = CryptoModule.cpp; sourceTree = "<group>"; };
		71CA4A63262DA8E500835C89 /* Logger.mm */ = {isa = PBXFileReference; fileEncoding = 4; lastKnownFileType = sourcecode.cpp.objcpp; name = Logger.mm; path = Comm/Logger.mm; sourceTree = "<group>"; };
		71CA4AEA262F230A00835C89 /* Tools.h */ = {isa = PBXFileReference; lastKnownFileType = sourcecode.c.h; name = Tools.h; path = Comm/Tools.h; sourceTree = "<group>"; };
		71CA4AEB262F236100835C89 /* Tools.mm */ = {isa = PBXFileReference; lastKnownFileType = sourcecode.cpp.objcpp; name = Tools.mm; path = Comm/Tools.mm; sourceTree = "<group>"; };
		71D4D7CB26C50B1000FCDBCD /* CommSecureStore.mm */ = {isa = PBXFileReference; fileEncoding = 4; lastKnownFileType = sourcecode.cpp.objcpp; name = CommSecureStore.mm; path = Comm/CommSecureStore.mm; sourceTree = "<group>"; };
		71DC160C270C43D300822863 /* PlatformSpecificTools.h */ = {isa = PBXFileReference; lastKnownFileType = sourcecode.c.h; path = PlatformSpecificTools.h; sourceTree = "<group>"; };
		724995D127B4103A00323FCE /* NotificationService.appex */ = {isa = PBXFileReference; explicitFileType = "wrapper.app-extension"; includeInIndex = 0; path = NotificationService.appex; sourceTree = BUILT_PRODUCTS_DIR; };
		724995D327B4103A00323FCE /* NotificationService.h */ = {isa = PBXFileReference; lastKnownFileType = sourcecode.c.h; path = NotificationService.h; sourceTree = "<group>"; };
		724995D427B4103A00323FCE /* NotificationService.mm */ = {isa = PBXFileReference; lastKnownFileType = sourcecode.cpp.objcpp; path = NotificationService.mm; sourceTree = "<group>"; };
		724995D627B4103A00323FCE /* Info.plist */ = {isa = PBXFileReference; lastKnownFileType = text.plist.xml; path = Info.plist; sourceTree = "<group>"; };
		724995FA27BA9E8C00323FCE /* UserNotifications.framework */ = {isa = PBXFileReference; lastKnownFileType = wrapper.framework; name = UserNotifications.framework; path = System/Library/Frameworks/UserNotifications.framework; sourceTree = SDKROOT; };
		75291F0228F9A09E00F4C80E /* DeviceID.h */ = {isa = PBXFileReference; lastKnownFileType = sourcecode.c.h; path = DeviceID.h; sourceTree = "<group>"; };
		75291F0328F9A0AE00F4C80E /* DeviceID.cpp */ = {isa = PBXFileReference; lastKnownFileType = sourcecode.cpp.cpp; path = DeviceID.cpp; sourceTree = "<group>"; };
		769A87FB41BCE3FEF97FD59A /* ExpoModulesProvider.swift */ = {isa = PBXFileReference; includeInIndex = 1; lastKnownFileType = sourcecode.swift; name = ExpoModulesProvider.swift; path = "Pods/Target Support Files/Pods-NotificationService/ExpoModulesProvider.swift"; sourceTree = "<group>"; };
		7F26E81B24440D87004049C6 /* dummy.swift */ = {isa = PBXFileReference; lastKnownFileType = sourcecode.swift; path = dummy.swift; sourceTree = "<group>"; };
		7F446E2229C3AF3800670288 /* ReactionMessageSpec.h */ = {isa = PBXFileReference; lastKnownFileType = sourcecode.c.h; name = ReactionMessageSpec.h; path = PersistentStorageUtilities/MessageOperationsUtilities/MessageSpecs/ReactionMessageSpec.h; sourceTree = "<group>"; };
		7F446E2329C3B2BE00670288 /* SidebarSourceMessageSpec.h */ = {isa = PBXFileReference; lastKnownFileType = sourcecode.c.h; name = SidebarSourceMessageSpec.h; path = PersistentStorageUtilities/MessageOperationsUtilities/MessageSpecs/SidebarSourceMessageSpec.h; sourceTree = "<group>"; };
		7F554F822332D58B007CB9F7 /* Info.debug.plist */ = {isa = PBXFileReference; fileEncoding = 4; lastKnownFileType = text.plist.xml; name = Info.debug.plist; path = Comm/Info.debug.plist; sourceTree = "<group>"; };
		7F761E292201141E001B6FB7 /* JavaScriptCore.framework */ = {isa = PBXFileReference; lastKnownFileType = wrapper.framework; name = JavaScriptCore.framework; path = System/Library/Frameworks/JavaScriptCore.framework; sourceTree = SDKROOT; };
		7F788C2B248AA2130098F071 /* SplashScreen.storyboard */ = {isa = PBXFileReference; fileEncoding = 4; lastKnownFileType = file.storyboard; path = SplashScreen.storyboard; sourceTree = "<group>"; };
		7F8D601E26535E060053CB29 /* OpenSans-Semibold.ttf */ = {isa = PBXFileReference; lastKnownFileType = file; name = "OpenSans-Semibold.ttf"; path = "Resources/OpenSans-Semibold.ttf"; sourceTree = "<group>"; };
		7F8D601F26535E060053CB29 /* Anaheim-Regular.ttf */ = {isa = PBXFileReference; lastKnownFileType = file; name = "Anaheim-Regular.ttf"; path = "Resources/Anaheim-Regular.ttf"; sourceTree = "<group>"; };
		7F8D602026535E060053CB29 /* OpenSans-Regular.ttf */ = {isa = PBXFileReference; lastKnownFileType = file; name = "OpenSans-Regular.ttf"; path = "Resources/OpenSans-Regular.ttf"; sourceTree = "<group>"; };
		7F8D602626535EEE0053CB29 /* IBMPlexSans-Regular.ttf */ = {isa = PBXFileReference; lastKnownFileType = file; name = "IBMPlexSans-Regular.ttf"; path = "Resources/IBMPlexSans-Regular.ttf"; sourceTree = "<group>"; };
		7F8D602726535EEE0053CB29 /* IBMPlexSans-Bold.ttf */ = {isa = PBXFileReference; lastKnownFileType = file; name = "IBMPlexSans-Bold.ttf"; path = "Resources/IBMPlexSans-Bold.ttf"; sourceTree = "<group>"; };
		7FA2DCDC293E62F500991BA4 /* CommIcons.ttf */ = {isa = PBXFileReference; lastKnownFileType = file; name = CommIcons.ttf; path = ../fonts/CommIcons.ttf; sourceTree = "<group>"; };
		7FA2DCDD293E62F500991BA4 /* SWMansionIcons.ttf */ = {isa = PBXFileReference; lastKnownFileType = file; name = SWMansionIcons.ttf; path = ../fonts/SWMansionIcons.ttf; sourceTree = "<group>"; };
		7FCEA2DC2444010B004017B1 /* Comm-Bridging-Header.h */ = {isa = PBXFileReference; lastKnownFileType = sourcecode.c.h; path = "Comm-Bridging-Header.h"; sourceTree = "<group>"; };
		7FCFD8BD1E81B8DF00629B0E /* Comm.entitlements */ = {isa = PBXFileReference; lastKnownFileType = text.plist.entitlements; name = Comm.entitlements; path = Comm/Comm.entitlements; sourceTree = "<group>"; };
		7FE4D9F3291DFE9300667BF6 /* commJSI.h */ = {isa = PBXFileReference; fileEncoding = 4; lastKnownFileType = sourcecode.c.h; path = commJSI.h; sourceTree = "<group>"; };
		7FE4D9F4291DFE9300667BF6 /* commJSI-generated.cpp */ = {isa = PBXFileReference; fileEncoding = 4; lastKnownFileType = sourcecode.cpp.cpp; path = "commJSI-generated.cpp"; sourceTree = "<group>"; };
		891D1495EE1F375F3AF6C7ED /* Pods-NotificationService.debug.xcconfig */ = {isa = PBXFileReference; includeInIndex = 1; lastKnownFileType = text.xcconfig; name = "Pods-NotificationService.debug.xcconfig"; path = "Target Support Files/Pods-NotificationService/Pods-NotificationService.debug.xcconfig"; sourceTree = "<group>"; };
		8B652FA1295EA6B8009F8163 /* RustPromiseManager.h */ = {isa = PBXFileReference; fileEncoding = 4; lastKnownFileType = sourcecode.c.h; path = RustPromiseManager.h; sourceTree = "<group>"; };
		8B652FA2295EA753009F8163 /* RustPromiseManager.mm */ = {isa = PBXFileReference; fileEncoding = 4; lastKnownFileType = sourcecode.cpp.objcpp; name = RustPromiseManager.mm; path = Comm/RustPromiseManager.mm; sourceTree = "<group>"; };
		8B652FA4295EA9F1009F8163 /* RustCallback.h */ = {isa = PBXFileReference; fileEncoding = 4; lastKnownFileType = sourcecode.c.h; path = RustCallback.h; sourceTree = "<group>"; };
		8B652FA5295EAA5B009F8163 /* RustCallback.cpp */ = {isa = PBXFileReference; lastKnownFileType = sourcecode.cpp.cpp; path = RustCallback.cpp; sourceTree = "<group>"; };
		8B99AF6D28D50D4800EB5ADB /* lib.rs.h */ = {isa = PBXFileReference; fileEncoding = 4; lastKnownFileType = sourcecode.c.h; path = lib.rs.h; sourceTree = "<group>"; };
		8B99B59928D50D4900EB5ADB /* cxx.h */ = {isa = PBXFileReference; fileEncoding = 4; lastKnownFileType = sourcecode.c.h; path = cxx.h; sourceTree = "<group>"; };
		8B99BAAB28D50F3000EB5ADB /* libnative_rust_library.a */ = {isa = PBXFileReference; lastKnownFileType = archive.ar; name = libnative_rust_library.a; path = ../native_rust_library/target/universal/release/libnative_rust_library.a; sourceTree = "<group>"; };
		8B99BAAD28D511FF00EB5ADB /* lib.rs.cc */ = {isa = PBXFileReference; fileEncoding = 4; lastKnownFileType = sourcecode.cpp.cpp; path = lib.rs.cc; sourceTree = "<group>"; };
		8E43C32B291E5B4A009378F5 /* TerminateApp.mm */ = {isa = PBXFileReference; fileEncoding = 4; lastKnownFileType = sourcecode.cpp.objcpp; name = TerminateApp.mm; path = Comm/TerminateApp.mm; sourceTree = "<group>"; };
		8E43C32E291E5B9D009378F5 /* TerminateApp.h */ = {isa = PBXFileReference; fileEncoding = 4; lastKnownFileType = sourcecode.c.h; name = TerminateApp.h; path = ../cpp/CommonCpp/Tools/TerminateApp.h; sourceTree = "<group>"; };
		8E86A6D229537EBB000BBE7D /* DatabaseManager.cpp */ = {isa = PBXFileReference; fileEncoding = 4; lastKnownFileType = sourcecode.cpp.cpp; path = DatabaseManager.cpp; sourceTree = "<group>"; };
		913E5A7BDECB327E3DE11053 /* Pods-NotificationService.release.xcconfig */ = {isa = PBXFileReference; includeInIndex = 1; lastKnownFileType = text.xcconfig; name = "Pods-NotificationService.release.xcconfig"; path = "Target Support Files/Pods-NotificationService/Pods-NotificationService.release.xcconfig"; sourceTree = "<group>"; };
		994BEBDD4E4959F69CEA0BC3 /* libPods-Comm.a */ = {isa = PBXFileReference; explicitFileType = archive.ar; includeInIndex = 0; path = "libPods-Comm.a"; sourceTree = BUILT_PRODUCTS_DIR; };
		B7055C6B26E477CF00BE0548 /* MessageStoreOperations.h */ = {isa = PBXFileReference; lastKnownFileType = sourcecode.c.h; path = MessageStoreOperations.h; sourceTree = "<group>"; };
		B70FBC1226B047050040F480 /* Message.h */ = {isa = PBXFileReference; lastKnownFileType = sourcecode.c.h; path = Message.h; sourceTree = "<group>"; };
		B71AFF1E265EDD8600B22352 /* IBMPlexSans-Medium.ttf */ = {isa = PBXFileReference; lastKnownFileType = file; name = "IBMPlexSans-Medium.ttf"; path = "Resources/IBMPlexSans-Medium.ttf"; sourceTree = "<group>"; };
		B7906F692720905A009BBBF5 /* ThreadStoreOperations.h */ = {isa = PBXFileReference; lastKnownFileType = sourcecode.c.h; path = ThreadStoreOperations.h; sourceTree = "<group>"; };
		B7906F6A27209091009BBBF5 /* OlmPersistAccount.h */ = {isa = PBXFileReference; fileEncoding = 4; lastKnownFileType = sourcecode.c.h; path = OlmPersistAccount.h; sourceTree = "<group>"; };
		B7906F6B27209091009BBBF5 /* OlmPersistSession.h */ = {isa = PBXFileReference; fileEncoding = 4; lastKnownFileType = sourcecode.c.h; path = OlmPersistSession.h; sourceTree = "<group>"; };
		B7906F6C27209091009BBBF5 /* Thread.h */ = {isa = PBXFileReference; fileEncoding = 4; lastKnownFileType = sourcecode.c.h; path = Thread.h; sourceTree = "<group>"; };
		B7E937CA26F448E700022A7C /* Media.h */ = {isa = PBXFileReference; lastKnownFileType = sourcecode.c.h; path = Media.h; sourceTree = "<group>"; };
		C562A7004903539402D988CE /* Pods-Comm.release.xcconfig */ = {isa = PBXFileReference; includeInIndex = 1; lastKnownFileType = text.xcconfig; name = "Pods-Comm.release.xcconfig"; path = "Target Support Files/Pods-Comm/Pods-Comm.release.xcconfig"; sourceTree = "<group>"; };
		CB24361629A397AB00FEC4E1 /* NotificationsCryptoModule.h */ = {isa = PBXFileReference; fileEncoding = 4; lastKnownFileType = sourcecode.c.h; name = NotificationsCryptoModule.h; path = Notifications/BackgroundDataStorage/NotificationsCryptoModule.h; sourceTree = "<group>"; };
		CB24361729A39A2500FEC4E1 /* NotificationsCryptoModule.cpp */ = {isa = PBXFileReference; fileEncoding = 4; lastKnownFileType = sourcecode.cpp.cpp; name = NotificationsCryptoModule.cpp; path = Notifications/BackgroundDataStorage/NotificationsCryptoModule.cpp; sourceTree = "<group>"; };
		CB30C12327D0ACF700FBE8DE /* NotificationService.entitlements */ = {isa = PBXFileReference; lastKnownFileType = text.plist.entitlements; path = NotificationService.entitlements; sourceTree = "<group>"; };
		CB38B4792877179A00171182 /* NonBlockingLock.h */ = {isa = PBXFileReference; fileEncoding = 4; lastKnownFileType = sourcecode.c.h; name = NonBlockingLock.h; path = Comm/TemporaryMessageStorage/NonBlockingLock.h; sourceTree = "<group>"; };
		CB38B47B287718A200171182 /* NonBlockingLock.mm */ = {isa = PBXFileReference; lastKnownFileType = sourcecode.cpp.objcpp; name = NonBlockingLock.mm; path = Comm/TemporaryMessageStorage/NonBlockingLock.mm; sourceTree = "<group>"; };
		CB38B47C2877190100171182 /* EncryptedFileUtils.h */ = {isa = PBXFileReference; lastKnownFileType = sourcecode.c.h; name = EncryptedFileUtils.h; path = Comm/TemporaryMessageStorage/EncryptedFileUtils.h; sourceTree = "<group>"; };
		CB38B47D2877194100171182 /* EncryptedFileUtils.mm */ = {isa = PBXFileReference; lastKnownFileType = sourcecode.cpp.objcpp; name = EncryptedFileUtils.mm; path = Comm/TemporaryMessageStorage/EncryptedFileUtils.mm; sourceTree = "<group>"; };
		CB38B47E287719C500171182 /* TemporaryMessageStorage.h */ = {isa = PBXFileReference; lastKnownFileType = sourcecode.c.h; name = TemporaryMessageStorage.h; path = Comm/TemporaryMessageStorage/TemporaryMessageStorage.h; sourceTree = "<group>"; };
		CB38B47F28771A3B00171182 /* TemporaryMessageStorage.mm */ = {isa = PBXFileReference; lastKnownFileType = sourcecode.cpp.objcpp; name = TemporaryMessageStorage.mm; path = Comm/TemporaryMessageStorage/TemporaryMessageStorage.mm; sourceTree = "<group>"; };
		CB38F2AE286C6C870010535C /* MessageSpecs.h */ = {isa = PBXFileReference; fileEncoding = 4; lastKnownFileType = sourcecode.c.h; name = MessageSpecs.h; path = PersistentStorageUtilities/MessageOperationsUtilities/MessageSpecs.h; sourceTree = "<group>"; };
		CB38F2AF286C6C870010535C /* MessageOperationsUtilities.cpp */ = {isa = PBXFileReference; fileEncoding = 4; lastKnownFileType = sourcecode.cpp.cpp; name = MessageOperationsUtilities.cpp; path = PersistentStorageUtilities/MessageOperationsUtilities/MessageOperationsUtilities.cpp; sourceTree = "<group>"; };
		CB38F2B0286C6C870010535C /* MessageOperationsUtilities.h */ = {isa = PBXFileReference; fileEncoding = 4; lastKnownFileType = sourcecode.c.h; name = MessageOperationsUtilities.h; path = PersistentStorageUtilities/MessageOperationsUtilities/MessageOperationsUtilities.h; sourceTree = "<group>"; };
		CB38F2B2286C6C970010535C /* CreateThreadMessageSpec.h */ = {isa = PBXFileReference; fileEncoding = 4; lastKnownFileType = sourcecode.c.h; name = CreateThreadMessageSpec.h; path = PersistentStorageUtilities/MessageOperationsUtilities/MessageSpecs/CreateThreadMessageSpec.h; sourceTree = "<group>"; };
		CB38F2B3286C6C970010535C /* TextMessageSpec.h */ = {isa = PBXFileReference; fileEncoding = 4; lastKnownFileType = sourcecode.c.h; name = TextMessageSpec.h; path = PersistentStorageUtilities/MessageOperationsUtilities/MessageSpecs/TextMessageSpec.h; sourceTree = "<group>"; };
		CB38F2B4286C6C970010535C /* CreateSidebarMessageSpec.h */ = {isa = PBXFileReference; fileEncoding = 4; lastKnownFileType = sourcecode.c.h; name = CreateSidebarMessageSpec.h; path = PersistentStorageUtilities/MessageOperationsUtilities/MessageSpecs/CreateSidebarMessageSpec.h; sourceTree = "<group>"; };
		CB38F2B5286C6C970010535C /* ChangeRoleMessageSpec.h */ = {isa = PBXFileReference; fileEncoding = 4; lastKnownFileType = sourcecode.c.h; name = ChangeRoleMessageSpec.h; path = PersistentStorageUtilities/MessageOperationsUtilities/MessageSpecs/ChangeRoleMessageSpec.h; sourceTree = "<group>"; };
		CB38F2B6286C6C970010535C /* RestoreEntryMessageSpec.h */ = {isa = PBXFileReference; fileEncoding = 4; lastKnownFileType = sourcecode.c.h; name = RestoreEntryMessageSpec.h; path = PersistentStorageUtilities/MessageOperationsUtilities/MessageSpecs/RestoreEntryMessageSpec.h; sourceTree = "<group>"; };
		CB38F2B7286C6C970010535C /* MessageSpec.h */ = {isa = PBXFileReference; fileEncoding = 4; lastKnownFileType = sourcecode.c.h; name = MessageSpec.h; path = PersistentStorageUtilities/MessageOperationsUtilities/MessageSpecs/MessageSpec.h; sourceTree = "<group>"; };
		CB38F2B8286C6C970010535C /* ChangeSettingsMessageSpec.h */ = {isa = PBXFileReference; fileEncoding = 4; lastKnownFileType = sourcecode.c.h; name = ChangeSettingsMessageSpec.h; path = PersistentStorageUtilities/MessageOperationsUtilities/MessageSpecs/ChangeSettingsMessageSpec.h; sourceTree = "<group>"; };
		CB38F2B9286C6C970010535C /* UnsupportedMessageSpec.h */ = {isa = PBXFileReference; fileEncoding = 4; lastKnownFileType = sourcecode.c.h; name = UnsupportedMessageSpec.h; path = PersistentStorageUtilities/MessageOperationsUtilities/MessageSpecs/UnsupportedMessageSpec.h; sourceTree = "<group>"; };
		CB38F2BA286C6C970010535C /* CreateEntryMessageSpec.h */ = {isa = PBXFileReference; fileEncoding = 4; lastKnownFileType = sourcecode.c.h; name = CreateEntryMessageSpec.h; path = PersistentStorageUtilities/MessageOperationsUtilities/MessageSpecs/CreateEntryMessageSpec.h; sourceTree = "<group>"; };
		CB38F2BB286C6C970010535C /* EditEntryMessageSpec.h */ = {isa = PBXFileReference; fileEncoding = 4; lastKnownFileType = sourcecode.c.h; name = EditEntryMessageSpec.h; path = PersistentStorageUtilities/MessageOperationsUtilities/MessageSpecs/EditEntryMessageSpec.h; sourceTree = "<group>"; };
		CB38F2BC286C6C970010535C /* CreateSubThreadMessageSpec.h */ = {isa = PBXFileReference; fileEncoding = 4; lastKnownFileType = sourcecode.c.h; name = CreateSubThreadMessageSpec.h; path = PersistentStorageUtilities/MessageOperationsUtilities/MessageSpecs/CreateSubThreadMessageSpec.h; sourceTree = "<group>"; };
		CB38F2BD286C6C970010535C /* MultimediaMessageSpec.h */ = {isa = PBXFileReference; fileEncoding = 4; lastKnownFileType = sourcecode.c.h; name = MultimediaMessageSpec.h; path = PersistentStorageUtilities/MessageOperationsUtilities/MessageSpecs/MultimediaMessageSpec.h; sourceTree = "<group>"; };
		CB38F2BE286C6C980010535C /* DeleteEntryMessageSpec.h */ = {isa = PBXFileReference; fileEncoding = 4; lastKnownFileType = sourcecode.c.h; name = DeleteEntryMessageSpec.h; path = PersistentStorageUtilities/MessageOperationsUtilities/MessageSpecs/DeleteEntryMessageSpec.h; sourceTree = "<group>"; };
		CB38F2BF286C6C980010535C /* UpdateRelationshipMessageSpec.h */ = {isa = PBXFileReference; fileEncoding = 4; lastKnownFileType = sourcecode.c.h; name = UpdateRelationshipMessageSpec.h; path = PersistentStorageUtilities/MessageOperationsUtilities/MessageSpecs/UpdateRelationshipMessageSpec.h; sourceTree = "<group>"; };
		CB3C621327CE66540054F24C /* libEXSecureStore.a */ = {isa = PBXFileReference; explicitFileType = archive.ar; path = libEXSecureStore.a; sourceTree = BUILT_PRODUCTS_DIR; };
		CB7EF17B295C580500B17035 /* CommIOSNotificationsBridgeQueue.mm */ = {isa = PBXFileReference; lastKnownFileType = sourcecode.cpp.objcpp; name = CommIOSNotificationsBridgeQueue.mm; path = Comm/CommIOSNotifications/CommIOSNotificationsBridgeQueue.mm; sourceTree = "<group>"; };
		CB7EF17C295C580500B17035 /* CommIOSNotificationsBridgeQueue.h */ = {isa = PBXFileReference; lastKnownFileType = sourcecode.c.h; name = CommIOSNotificationsBridgeQueue.h; path = Comm/CommIOSNotifications/CommIOSNotificationsBridgeQueue.h; sourceTree = "<group>"; };
		CB7EF17D295C5D1800B17035 /* CommIOSNotifications.mm */ = {isa = PBXFileReference; lastKnownFileType = sourcecode.cpp.objcpp; name = CommIOSNotifications.mm; path = Comm/CommIOSNotifications/CommIOSNotifications.mm; sourceTree = "<group>"; };
		CB90951929531663002F2A7F /* CommIOSNotifications.h */ = {isa = PBXFileReference; fileEncoding = 4; lastKnownFileType = sourcecode.c.h; name = CommIOSNotifications.h; path = Comm/CommIOSNotifications/CommIOSNotifications.h; sourceTree = "<group>"; };
		CBDEC69928ED859600C17588 /* GlobalDBSingleton.h */ = {isa = PBXFileReference; lastKnownFileType = sourcecode.c.h; path = GlobalDBSingleton.h; sourceTree = "<group>"; };
		CBDEC69A28ED867000C17588 /* GlobalDBSingleton.mm */ = {isa = PBXFileReference; fileEncoding = 4; lastKnownFileType = sourcecode.cpp.objcpp; name = GlobalDBSingleton.mm; path = Comm/GlobalDBSingleton.mm; sourceTree = "<group>"; };
		CBFE58272885852B003B94C9 /* ThreadOperations.h */ = {isa = PBXFileReference; fileEncoding = 4; lastKnownFileType = sourcecode.c.h; name = ThreadOperations.h; path = PersistentStorageUtilities/ThreadOperationsUtilities/ThreadOperations.h; sourceTree = "<group>"; };
		CBFE58282885852B003B94C9 /* ThreadOperations.cpp */ = {isa = PBXFileReference; fileEncoding = 4; lastKnownFileType = sourcecode.cpp.cpp; name = ThreadOperations.cpp; path = PersistentStorageUtilities/ThreadOperationsUtilities/ThreadOperations.cpp; sourceTree = "<group>"; };
		F53DA7B3F26C2798DCE74A94 /* Pods-Comm.debug.xcconfig */ = {isa = PBXFileReference; includeInIndex = 1; lastKnownFileType = text.xcconfig; name = "Pods-Comm.debug.xcconfig"; path = "Target Support Files/Pods-Comm/Pods-Comm.debug.xcconfig"; sourceTree = "<group>"; };
/* End PBXFileReference section */

/* Begin PBXFrameworksBuildPhase section */
		13B07F8C1A680F5B00A75B9A /* Frameworks */ = {
			isa = PBXFrameworksBuildPhase;
			buildActionMask = 2147483647;
			files = (
				8B99BAAC28D50F3000EB5ADB /* libnative_rust_library.a in Frameworks */,
				7F761E602201141E001B6FB7 /* JavaScriptCore.framework in Frameworks */,
				D7DB6E0F85B2DBE15B01EC21 /* libPods-Comm.a in Frameworks */,
			);
			runOnlyForDeploymentPostprocessing = 0;
		};
		713EE40326C6676B003D7C48 /* Frameworks */ = {
			isa = PBXFrameworksBuildPhase;
			buildActionMask = 2147483647;
			files = (
			);
			runOnlyForDeploymentPostprocessing = 0;
		};
		724995CE27B4103A00323FCE /* Frameworks */ = {
			isa = PBXFrameworksBuildPhase;
			buildActionMask = 2147483647;
			files = (
				724995FB27BA9E8D00323FCE /* UserNotifications.framework in Frameworks */,
				F02C296C528B51ADAB5AA19D /* libPods-NotificationService.a in Frameworks */,
			);
			runOnlyForDeploymentPostprocessing = 0;
		};
/* End PBXFrameworksBuildPhase section */

/* Begin PBXGroup section */
		13B07FAE1A68108700A75B9A /* Comm */ = {
			isa = PBXGroup;
			children = (
				71B8CCB626BD30EC0040C0A2 /* CommCoreImplementations */,
				7F788C2B248AA2130098F071 /* SplashScreen.storyboard */,
				7FCFD8BD1E81B8DF00629B0E /* Comm.entitlements */,
				13B07FAF1A68108700A75B9A /* AppDelegate.h */,
				13B07FB01A68108700A75B9A /* AppDelegate.mm */,
				13B07FB51A68108700A75B9A /* Images.xcassets */,
				7F554F822332D58B007CB9F7 /* Info.debug.plist */,
				13B07FB61A68108700A75B9A /* Info.release.plist */,
				13B07FB71A68108700A75B9A /* main.m */,
				7FCEA2DC2444010B004017B1 /* Comm-Bridging-Header.h */,
				7F26E81B24440D87004049C6 /* dummy.swift */,
			);
			name = Comm;
			sourceTree = "<group>";
		};
		5F5A6FB2C6AD630620BBF58C /* NotificationService */ = {
			isa = PBXGroup;
			children = (
				769A87FB41BCE3FEF97FD59A /* ExpoModulesProvider.swift */,
			);
			name = NotificationService;
			sourceTree = "<group>";
		};
		6534411766BE4CA4B0AB0A78 /* Resources */ = {
			isa = PBXGroup;
			children = (
				7FA2DCDC293E62F500991BA4 /* CommIcons.ttf */,
				7FA2DCDD293E62F500991BA4 /* SWMansionIcons.ttf */,
				7F8D601F26535E060053CB29 /* Anaheim-Regular.ttf */,
				7F8D602026535E060053CB29 /* OpenSans-Regular.ttf */,
				B71AFF1E265EDD8600B22352 /* IBMPlexSans-Medium.ttf */,
				7F8D601E26535E060053CB29 /* OpenSans-Semibold.ttf */,
				7F8D602726535EEE0053CB29 /* IBMPlexSans-Bold.ttf */,
				7F8D602626535EEE0053CB29 /* IBMPlexSans-Regular.ttf */,
			);
			name = Resources;
			sourceTree = "<group>";
		};
		713EE40726C6676B003D7C48 /* CommTests */ = {
			isa = PBXGroup;
			children = (
				713EE41026C66B80003D7C48 /* CryptoTest.mm */,
				713EE40A26C6676B003D7C48 /* Info.plist */,
			);
			path = CommTests;
			sourceTree = "<group>";
		};
		71B8CCB626BD30EC0040C0A2 /* CommCoreImplementations */ = {
			isa = PBXGroup;
			children = (
				CB90951729531647002F2A7F /* CommIOSNotifications */,
				8E43C32E291E5B9D009378F5 /* TerminateApp.h */,
				8E43C32B291E5B4A009378F5 /* TerminateApp.mm */,
				CBDEC69A28ED867000C17588 /* GlobalDBSingleton.mm */,
				8B652FA2295EA753009F8163 /* RustPromiseManager.mm */,
				CB38B4782877177B00171182 /* TemporaryMessageStorage */,
				71762A74270D8AAE00F565ED /* PlatformSpecificTools.mm */,
				71D4D7CB26C50B1000FCDBCD /* CommSecureStore.mm */,
				71142A7526C2650A0039DCBD /* CommSecureStoreIOSWrapper.h */,
				71142A7626C2650A0039DCBD /* CommSecureStoreIOSWrapper.mm */,
				71CA4AEA262F230A00835C89 /* Tools.h */,
				71CA4AEB262F236100835C89 /* Tools.mm */,
				71CA4A63262DA8E500835C89 /* Logger.mm */,
			);
			name = CommCoreImplementations;
			sourceTree = "<group>";
		};
		71BE84362636A944002849D2 /* cpp */ = {
			isa = PBXGroup;
			children = (
				71BE84372636A944002849D2 /* CommonCpp */,
				71BE84462636A944002849D2 /* third-party */,
			);
			name = cpp;
			path = ../cpp;
			sourceTree = "<group>";
		};
		71BE84372636A944002849D2 /* CommonCpp */ = {
			isa = PBXGroup;
			children = (
				CB24361429A3978800FEC4E1 /* Notifications */,
				71F971B4270726C000DDC5BF /* _generated */,
				71BF5B6A26B3FCFF00EDE27D /* CryptoTools */,
				71BE84382636A944002849D2 /* Tools */,
				71BE843A2636A944002849D2 /* NativeModules */,
				71BE843F2636A944002849D2 /* DatabaseManagers */,
			);
			path = CommonCpp;
			sourceTree = "<group>";
		};
		71BE84382636A944002849D2 /* Tools */ = {
			isa = PBXGroup;
			children = (
				71B8CCBD26BD4DEB0040C0A2 /* CommSecureStore.h */,
				718DE99C2653D41C00365824 /* WorkerThread.cpp */,
				718DE99D2653D41C00365824 /* WorkerThread.h */,
				71BE84392636A944002849D2 /* Logger.h */,
				71DC160C270C43D300822863 /* PlatformSpecificTools.h */,
			);
			path = Tools;
			sourceTree = "<group>";
		};
		71BE843A2636A944002849D2 /* NativeModules */ = {
			isa = PBXGroup;
			children = (
				CBED0E2C284E086100CD3863 /* PersistentStorageUtilities */,
				726E5D722731A4240032361D /* InternalModules */,
				71BE843C2636A944002849D2 /* CommCoreModule.cpp */,
				71BE843E2636A944002849D2 /* CommCoreModule.h */,
				B7055C6B26E477CF00BE0548 /* MessageStoreOperations.h */,
				B7906F692720905A009BBBF5 /* ThreadStoreOperations.h */,
			);
			path = NativeModules;
			sourceTree = "<group>";
		};
		71BE843F2636A944002849D2 /* DatabaseManagers */ = {
			isa = PBXGroup;
			children = (
				8E86A6D229537EBB000BBE7D /* DatabaseManager.cpp */,
				71BE84402636A944002849D2 /* DatabaseQueryExecutor.h */,
				71BE84412636A944002849D2 /* SQLiteQueryExecutor.cpp */,
				71BE84422636A944002849D2 /* SQLiteQueryExecutor.h */,
				71BE84432636A944002849D2 /* DatabaseManager.h */,
				71BE84442636A944002849D2 /* entities */,
			);
			path = DatabaseManagers;
			sourceTree = "<group>";
		};
		71BE84442636A944002849D2 /* entities */ = {
			isa = PBXGroup;
			children = (
				B7906F6A27209091009BBBF5 /* OlmPersistAccount.h */,
				B7906F6B27209091009BBBF5 /* OlmPersistSession.h */,
				B7906F6C27209091009BBBF5 /* Thread.h */,
				71BE84452636A944002849D2 /* Draft.h */,
				B70FBC1226B047050040F480 /* Message.h */,
				B7E937CA26F448E700022A7C /* Media.h */,
				2DDA0A22FECC9DAA5C19C35D /* Metadata.h */,
			);
			path = entities;
			sourceTree = "<group>";
		};
		71BE84462636A944002849D2 /* third-party */ = {
			isa = PBXGroup;
			children = (
				71BE84472636A944002849D2 /* sqlite_orm */,
			);
			path = "third-party";
			sourceTree = "<group>";
		};
		71BE84472636A944002849D2 /* sqlite_orm */ = {
			isa = PBXGroup;
			children = (
				71BE84482636A944002849D2 /* sqlite_orm.h */,
			);
			path = sqlite_orm;
			sourceTree = "<group>";
		};
		71BF5B6A26B3FCFF00EDE27D /* CryptoTools */ = {
			isa = PBXGroup;
			children = (
				75291F0328F9A0AE00F4C80E /* DeviceID.cpp */,
				75291F0228F9A09E00F4C80E /* DeviceID.h */,
				71BF5B7B26BBDA6100EDE27D /* CryptoModule.cpp */,
				71BF5B7A26BBDA6000EDE27D /* CryptoModule.h */,
				71BF5B6F26B3FF0900EDE27D /* Session.cpp */,
				71BF5B7026B3FF0900EDE27D /* Session.h */,
				71BF5B7226B3FFBC00EDE27D /* Persist.h */,
				71BF5B7326B401D300EDE27D /* Tools.cpp */,
				71BF5B7426B401D300EDE27D /* Tools.h */,
			);
			path = CryptoTools;
			sourceTree = "<group>";
		};
		71F971B4270726C000DDC5BF /* _generated */ = {
			isa = PBXGroup;
			children = (
				7FE4D9F4291DFE9300667BF6 /* commJSI-generated.cpp */,
				7FE4D9F3291DFE9300667BF6 /* commJSI.h */,
			);
			path = _generated;
			sourceTree = "<group>";
		};
		724995D227B4103A00323FCE /* NotificationService */ = {
			isa = PBXGroup;
			children = (
				CB30C12327D0ACF700FBE8DE /* NotificationService.entitlements */,
				724995D327B4103A00323FCE /* NotificationService.h */,
				724995D427B4103A00323FCE /* NotificationService.mm */,
				724995D627B4103A00323FCE /* Info.plist */,
			);
			path = NotificationService;
			sourceTree = "<group>";
		};
		726E5D722731A4240032361D /* InternalModules */ = {
			isa = PBXGroup;
			children = (
				8B652FA1295EA6B8009F8163 /* RustPromiseManager.h */,
				CBDEC69928ED859600C17588 /* GlobalDBSingleton.h */,
			);
			path = InternalModules;
			sourceTree = "<group>";
		};
		7FF0870B1E833C3F000A1ACF /* Frameworks */ = {
			isa = PBXGroup;
			children = (
				8B99BAAB28D50F3000EB5ADB /* libnative_rust_library.a */,
				CB3C621327CE66540054F24C /* libEXSecureStore.a */,
				724995FA27BA9E8C00323FCE /* UserNotifications.framework */,
				711CF80E25DC096000A00FBD /* libFolly.a */,
				7F761E292201141E001B6FB7 /* JavaScriptCore.framework */,
				994BEBDD4E4959F69CEA0BC3 /* libPods-Comm.a */,
				3EE4DCB430B05EC9DE7D7B01 /* libPods-NotificationService.a */,
			);
			name = Frameworks;
			sourceTree = "<group>";
		};
		83CBB9F61A601CBA00E9B192 = {
			isa = PBXGroup;
			children = (
				8B99AF6B28D50D4800EB5ADB /* native_rust_library */,
				71BE84362636A944002849D2 /* cpp */,
				13B07FAE1A68108700A75B9A /* Comm */,
				713EE40726C6676B003D7C48 /* CommTests */,
				724995D227B4103A00323FCE /* NotificationService */,
				83CBBA001A601CBA00E9B192 /* Products */,
				6534411766BE4CA4B0AB0A78 /* Resources */,
				7FF0870B1E833C3F000A1ACF /* Frameworks */,
				D533B93718E3B9684B508006 /* Pods */,
				AFF3F1F76178B42122C79BDE /* ExpoModulesProviders */,
			);
			indentWidth = 2;
			sourceTree = "<group>";
			tabWidth = 2;
		};
		83CBBA001A601CBA00E9B192 /* Products */ = {
			isa = PBXGroup;
			children = (
				13B07F961A680F5B00A75B9A /* Comm.app */,
				713EE40626C6676B003D7C48 /* CommTests.xctest */,
				724995D127B4103A00323FCE /* NotificationService.appex */,
			);
			name = Products;
			sourceTree = "<group>";
		};
		8B99AF6B28D50D4800EB5ADB /* native_rust_library */ = {
			isa = PBXGroup;
			children = (
				8B652FA4295EA9F1009F8163 /* RustCallback.h */,
				8B99BAAD28D511FF00EB5ADB /* lib.rs.cc */,
				8B99AF6D28D50D4800EB5ADB /* lib.rs.h */,
				8B99B59928D50D4900EB5ADB /* cxx.h */,
				8B652FA5295EAA5B009F8163 /* RustCallback.cpp */,
			);
			name = native_rust_library;
			path = ../native_rust_library;
			sourceTree = "<group>";
		};
		AFF3F1F76178B42122C79BDE /* ExpoModulesProviders */ = {
			isa = PBXGroup;
			children = (
				E75E6E4967CE9A8BBA89ED86 /* Comm */,
				5F5A6FB2C6AD630620BBF58C /* NotificationService */,
			);
			name = ExpoModulesProviders;
			sourceTree = "<group>";
		};
		CB24361429A3978800FEC4E1 /* Notifications */ = {
			isa = PBXGroup;
			children = (
				CB24361529A3979500FEC4E1 /* BackgroundDataStorage */,
			);
			name = Notifications;
			sourceTree = "<group>";
		};
		CB24361529A3979500FEC4E1 /* BackgroundDataStorage */ = {
			isa = PBXGroup;
			children = (
				CB24361729A39A2500FEC4E1 /* NotificationsCryptoModule.cpp */,
				CB24361629A397AB00FEC4E1 /* NotificationsCryptoModule.h */,
			);
			name = BackgroundDataStorage;
			sourceTree = "<group>";
		};
		CB38B4782877177B00171182 /* TemporaryMessageStorage */ = {
			isa = PBXGroup;
			children = (
				CB38B47F28771A3B00171182 /* TemporaryMessageStorage.mm */,
				CB38B47E287719C500171182 /* TemporaryMessageStorage.h */,
				CB38B47D2877194100171182 /* EncryptedFileUtils.mm */,
				CB38B47C2877190100171182 /* EncryptedFileUtils.h */,
				CB38B47B287718A200171182 /* NonBlockingLock.mm */,
				CB38B4792877179A00171182 /* NonBlockingLock.h */,
			);
			name = TemporaryMessageStorage;
			sourceTree = "<group>";
		};
		CB38F2AC286C6C010010535C /* MessageOperationsUtilities */ = {
			isa = PBXGroup;
			children = (
				CB38F2AF286C6C870010535C /* MessageOperationsUtilities.cpp */,
				CB38F2B0286C6C870010535C /* MessageOperationsUtilities.h */,
				CB38F2AE286C6C870010535C /* MessageSpecs.h */,
				CB38F2AD286C6C4B0010535C /* MessageSpecs */,
			);
			name = MessageOperationsUtilities;
			sourceTree = "<group>";
		};
		CB38F2AD286C6C4B0010535C /* MessageSpecs */ = {
			isa = PBXGroup;
			children = (
				7F446E2329C3B2BE00670288 /* SidebarSourceMessageSpec.h */,
				CB38F2B5286C6C970010535C /* ChangeRoleMessageSpec.h */,
				CB38F2B8286C6C970010535C /* ChangeSettingsMessageSpec.h */,
				CB38F2BA286C6C970010535C /* CreateEntryMessageSpec.h */,
				CB38F2B4286C6C970010535C /* CreateSidebarMessageSpec.h */,
				CB38F2BC286C6C970010535C /* CreateSubThreadMessageSpec.h */,
				CB38F2B2286C6C970010535C /* CreateThreadMessageSpec.h */,
				CB38F2BE286C6C980010535C /* DeleteEntryMessageSpec.h */,
				CB38F2BB286C6C970010535C /* EditEntryMessageSpec.h */,
				CB38F2B7286C6C970010535C /* MessageSpec.h */,
				CB38F2BD286C6C970010535C /* MultimediaMessageSpec.h */,
				7F446E2229C3AF3800670288 /* ReactionMessageSpec.h */,
				CB38F2B6286C6C970010535C /* RestoreEntryMessageSpec.h */,
				CB38F2B3286C6C970010535C /* TextMessageSpec.h */,
				CB38F2B9286C6C970010535C /* UnsupportedMessageSpec.h */,
				CB38F2BF286C6C980010535C /* UpdateRelationshipMessageSpec.h */,
			);
			name = MessageSpecs;
			sourceTree = "<group>";
		};
		CB90951729531647002F2A7F /* CommIOSNotifications */ = {
			isa = PBXGroup;
			children = (
				CB7EF17D295C5D1800B17035 /* CommIOSNotifications.mm */,
				CB7EF17C295C580500B17035 /* CommIOSNotificationsBridgeQueue.h */,
				CB7EF17B295C580500B17035 /* CommIOSNotificationsBridgeQueue.mm */,
				CB90951929531663002F2A7F /* CommIOSNotifications.h */,
			);
			name = CommIOSNotifications;
			sourceTree = "<group>";
		};
		CBED0E2C284E086100CD3863 /* PersistentStorageUtilities */ = {
			isa = PBXGroup;
			children = (
				CBFE582628858512003B94C9 /* ThreadOperationsUtilities */,
				CB38F2AC286C6C010010535C /* MessageOperationsUtilities */,
			);
			name = PersistentStorageUtilities;
			sourceTree = "<group>";
		};
		CBFE582628858512003B94C9 /* ThreadOperationsUtilities */ = {
			isa = PBXGroup;
			children = (
				CBFE58282885852B003B94C9 /* ThreadOperations.cpp */,
				CBFE58272885852B003B94C9 /* ThreadOperations.h */,
			);
			name = ThreadOperationsUtilities;
			sourceTree = "<group>";
		};
		D533B93718E3B9684B508006 /* Pods */ = {
			isa = PBXGroup;
			children = (
				F53DA7B3F26C2798DCE74A94 /* Pods-Comm.debug.xcconfig */,
				C562A7004903539402D988CE /* Pods-Comm.release.xcconfig */,
				891D1495EE1F375F3AF6C7ED /* Pods-NotificationService.debug.xcconfig */,
				913E5A7BDECB327E3DE11053 /* Pods-NotificationService.release.xcconfig */,
			);
			path = Pods;
			sourceTree = "<group>";
		};
		E75E6E4967CE9A8BBA89ED86 /* Comm */ = {
			isa = PBXGroup;
			children = (
				3EEB3E70587B0ADAD05237B0 /* ExpoModulesProvider.swift */,
			);
			name = Comm;
			sourceTree = "<group>";
		};
/* End PBXGroup section */

/* Begin PBXNativeTarget section */
		13B07F861A680F5B00A75B9A /* Comm */ = {
			isa = PBXNativeTarget;
			buildConfigurationList = 13B07F931A680F5B00A75B9A /* Build configuration list for PBXNativeTarget "Comm" */;
			buildPhases = (
				02DE093B3C1DDF10C1FA3E9C /* [CP] Check Pods Manifest.lock */,
				8BF9F24E28B795E200E20C13 /* Build Rust library */,
				13B07F871A680F5B00A75B9A /* Sources */,
				13B07F8C1A680F5B00A75B9A /* Frameworks */,
				13B07F8E1A680F5B00A75B9A /* Resources */,
				00DD1BFF1BD5951E006B06BC /* Bundle React Native code and images */,
				DB38BFA0686C805CE44F051F /* [CP] Copy Pods Resources */,
				EA2E8897D838D7F3E680EACE /* [CP] Embed Pods Frameworks */,
				724995DA27B4103A00323FCE /* Embed App Extensions */,
			);
			buildRules = (
			);
			dependencies = (
				724995D827B4103A00323FCE /* PBXTargetDependency */,
			);
			name = Comm;
			productName = "Hello World";
			productReference = 13B07F961A680F5B00A75B9A /* Comm.app */;
			productType = "com.apple.product-type.application";
		};
		713EE40526C6676B003D7C48 /* CommTests */ = {
			isa = PBXNativeTarget;
			buildConfigurationList = 713EE40F26C6676B003D7C48 /* Build configuration list for PBXNativeTarget "CommTests" */;
			buildPhases = (
				713EE40226C6676B003D7C48 /* Sources */,
				713EE40326C6676B003D7C48 /* Frameworks */,
				713EE40426C6676B003D7C48 /* Resources */,
			);
			buildRules = (
			);
			dependencies = (
				713EE40C26C6676B003D7C48 /* PBXTargetDependency */,
			);
			name = CommTests;
			productName = CommTests;
			productReference = 713EE40626C6676B003D7C48 /* CommTests.xctest */;
			productType = "com.apple.product-type.bundle.unit-test";
		};
		724995D027B4103A00323FCE /* NotificationService */ = {
			isa = PBXNativeTarget;
			buildConfigurationList = 724995DD27B4103A00323FCE /* Build configuration list for PBXNativeTarget "NotificationService" */;
			buildPhases = (
				6735FA74B2C82E3B27E18258 /* [CP] Check Pods Manifest.lock */,
				724995CD27B4103A00323FCE /* Sources */,
				724995CE27B4103A00323FCE /* Frameworks */,
				724995CF27B4103A00323FCE /* Resources */,
				E6221695BEF4548AF41DD8EB /* [CP] Copy Pods Resources */,
			);
			buildRules = (
			);
			dependencies = (
			);
			name = NotificationService;
			productName = NotificationService;
			productReference = 724995D127B4103A00323FCE /* NotificationService.appex */;
			productType = "com.apple.product-type.app-extension";
		};
/* End PBXNativeTarget section */

/* Begin PBXProject section */
		83CBB9F71A601CBA00E9B192 /* Project object */ = {
			isa = PBXProject;
			attributes = {
				LastUpgradeCheck = 1150;
				ORGANIZATIONNAME = "Comm Technologies, Inc.";
				TargetAttributes = {
					13B07F861A680F5B00A75B9A = {
						DevelopmentTeam = H98Y8MH53M;
						LastSwiftMigration = 1140;
						ProvisioningStyle = Automatic;
						SystemCapabilities = {
							com.apple.BackgroundModes = {
								enabled = 1;
							};
							com.apple.GameCenter = {
								enabled = 0;
							};
							com.apple.InAppPurchase = {
								enabled = 0;
							};
							com.apple.Keychain = {
								enabled = 1;
							};
							com.apple.Push = {
								enabled = 1;
							};
							com.apple.SafariKeychain = {
								enabled = 1;
							};
						};
					};
					713EE40526C6676B003D7C48 = {
						CreatedOnToolsVersion = 12.5.1;
						ProvisioningStyle = Automatic;
						TestTargetID = 13B07F861A680F5B00A75B9A;
					};
					724995D027B4103A00323FCE = {
						CreatedOnToolsVersion = 13.0;
						DevelopmentTeam = H98Y8MH53M;
						ProvisioningStyle = Automatic;
					};
				};
			};
			buildConfigurationList = 83CBB9FA1A601CBA00E9B192 /* Build configuration list for PBXProject "Comm" */;
			compatibilityVersion = "Xcode 3.2";
			developmentRegion = English;
			hasScannedForEncodings = 0;
			knownRegions = (
				English,
				en,
				Base,
			);
			mainGroup = 83CBB9F61A601CBA00E9B192;
			productRefGroup = 83CBBA001A601CBA00E9B192 /* Products */;
			projectDirPath = "";
			projectRoot = "";
			targets = (
				13B07F861A680F5B00A75B9A /* Comm */,
				713EE40526C6676B003D7C48 /* CommTests */,
				724995D027B4103A00323FCE /* NotificationService */,
			);
		};
/* End PBXProject section */

/* Begin PBXResourcesBuildPhase section */
		13B07F8E1A680F5B00A75B9A /* Resources */ = {
			isa = PBXResourcesBuildPhase;
			buildActionMask = 2147483647;
			files = (
				7F8D602926535F2A0053CB29 /* IBMPlexSans-Regular.ttf in Resources */,
				7F8D602826535F240053CB29 /* IBMPlexSans-Bold.ttf in Resources */,
				7F8D602126535E060053CB29 /* OpenSans-Semibold.ttf in Resources */,
				7FA2DCDE293E62F500991BA4 /* CommIcons.ttf in Resources */,
				13B07FBF1A68108700A75B9A /* Images.xcassets in Resources */,
				7F788C2C248AA2140098F071 /* SplashScreen.storyboard in Resources */,
				7F8D602226535E060053CB29 /* Anaheim-Regular.ttf in Resources */,
				7FA2DCDF293E62F500991BA4 /* SWMansionIcons.ttf in Resources */,
				B71AFF1F265EDD8600B22352 /* IBMPlexSans-Medium.ttf in Resources */,
				7F8D602326535E060053CB29 /* OpenSans-Regular.ttf in Resources */,
			);
			runOnlyForDeploymentPostprocessing = 0;
		};
		713EE40426C6676B003D7C48 /* Resources */ = {
			isa = PBXResourcesBuildPhase;
			buildActionMask = 2147483647;
			files = (
			);
			runOnlyForDeploymentPostprocessing = 0;
		};
		724995CF27B4103A00323FCE /* Resources */ = {
			isa = PBXResourcesBuildPhase;
			buildActionMask = 2147483647;
			files = (
			);
			runOnlyForDeploymentPostprocessing = 0;
		};
/* End PBXResourcesBuildPhase section */

/* Begin PBXShellScriptBuildPhase section */
		00DD1BFF1BD5951E006B06BC /* Bundle React Native code and images */ = {
			isa = PBXShellScriptBuildPhase;
			buildActionMask = 2147483647;
			files = (
			);
			inputPaths = (
				"$(SRCROOT)/.xcode.env.local",
				"$(SRCROOT)/.xcode.env",
			);
			name = "Bundle React Native code and images";
			outputPaths = (
			);
			runOnlyForDeploymentPostprocessing = 0;
			shellPath = /bin/sh;
			shellScript = "set -e\n\nWITH_ENVIRONMENT=\"../node_modules/react-native/scripts/xcode/with-environment.sh\"\nREACT_NATIVE_XCODE=\"../node_modules/react-native/scripts/react-native-xcode.sh\"\n\n/bin/sh -c \"$WITH_ENVIRONMENT $REACT_NATIVE_XCODE\"\n";
		};
		02DE093B3C1DDF10C1FA3E9C /* [CP] Check Pods Manifest.lock */ = {
			isa = PBXShellScriptBuildPhase;
			buildActionMask = 2147483647;
			files = (
			);
			inputFileListPaths = (
			);
			inputPaths = (
				"${PODS_PODFILE_DIR_PATH}/Podfile.lock",
				"${PODS_ROOT}/Manifest.lock",
			);
			name = "[CP] Check Pods Manifest.lock";
			outputFileListPaths = (
			);
			outputPaths = (
				"$(DERIVED_FILE_DIR)/Pods-Comm-checkManifestLockResult.txt",
			);
			runOnlyForDeploymentPostprocessing = 0;
			shellPath = /bin/sh;
			shellScript = "diff \"${PODS_PODFILE_DIR_PATH}/Podfile.lock\" \"${PODS_ROOT}/Manifest.lock\" > /dev/null\nif [ $? != 0 ] ; then\n    # print error to STDERR\n    echo \"error: The sandbox is not in sync with the Podfile.lock. Run 'pod install' or update your CocoaPods installation.\" >&2\n    exit 1\nfi\n# This output is used by Xcode 'outputs' to avoid re-running this script phase.\necho \"SUCCESS\" > \"${SCRIPT_OUTPUT_FILE_0}\"\n";
			showEnvVarsInLog = 0;
		};
		6735FA74B2C82E3B27E18258 /* [CP] Check Pods Manifest.lock */ = {
			isa = PBXShellScriptBuildPhase;
			buildActionMask = 2147483647;
			files = (
			);
			inputFileListPaths = (
			);
			inputPaths = (
				"${PODS_PODFILE_DIR_PATH}/Podfile.lock",
				"${PODS_ROOT}/Manifest.lock",
			);
			name = "[CP] Check Pods Manifest.lock";
			outputFileListPaths = (
			);
			outputPaths = (
				"$(DERIVED_FILE_DIR)/Pods-NotificationService-checkManifestLockResult.txt",
			);
			runOnlyForDeploymentPostprocessing = 0;
			shellPath = /bin/sh;
			shellScript = "diff \"${PODS_PODFILE_DIR_PATH}/Podfile.lock\" \"${PODS_ROOT}/Manifest.lock\" > /dev/null\nif [ $? != 0 ] ; then\n    # print error to STDERR\n    echo \"error: The sandbox is not in sync with the Podfile.lock. Run 'pod install' or update your CocoaPods installation.\" >&2\n    exit 1\nfi\n# This output is used by Xcode 'outputs' to avoid re-running this script phase.\necho \"SUCCESS\" > \"${SCRIPT_OUTPUT_FILE_0}\"\n";
			showEnvVarsInLog = 0;
		};
		8BF9F24E28B795E200E20C13 /* Build Rust library */ = {
			isa = PBXShellScriptBuildPhase;
			alwaysOutOfDate = 1;
			buildActionMask = 2147483647;
			files = (
			);
			inputFileListPaths = (
			);
			inputPaths = (
			);
			name = "Build Rust library";
			outputFileListPaths = (
			);
			outputPaths = (
				"${SRCROOT}/../native_rust_library/lib.rs.cc",
			);
			runOnlyForDeploymentPostprocessing = 0;
			shellPath = /bin/sh;
			shellScript = "${SRCROOT}/../../scripts/build-rust-native-library.sh\n";
		};
		DB38BFA0686C805CE44F051F /* [CP] Copy Pods Resources */ = {
			isa = PBXShellScriptBuildPhase;
			buildActionMask = 2147483647;
			files = (
			);
			inputPaths = (
				"${PODS_ROOT}/Target Support Files/Pods-Comm/Pods-Comm-resources.sh",
				"${PODS_CONFIGURATION_BUILD_DIR}/EXConstants/EXConstants.bundle",
				"${PODS_CONFIGURATION_BUILD_DIR}/React-Core/AccessibilityResources.bundle",
				"${PODS_CONFIGURATION_BUILD_DIR}/expo-dev-launcher/EXDevLauncher.bundle",
				"${PODS_CONFIGURATION_BUILD_DIR}/expo-dev-menu/EXDevMenu.bundle",
			);
			name = "[CP] Copy Pods Resources";
			outputPaths = (
				"${TARGET_BUILD_DIR}/${UNLOCALIZED_RESOURCES_FOLDER_PATH}/EXConstants.bundle",
				"${TARGET_BUILD_DIR}/${UNLOCALIZED_RESOURCES_FOLDER_PATH}/AccessibilityResources.bundle",
				"${TARGET_BUILD_DIR}/${UNLOCALIZED_RESOURCES_FOLDER_PATH}/EXDevLauncher.bundle",
				"${TARGET_BUILD_DIR}/${UNLOCALIZED_RESOURCES_FOLDER_PATH}/EXDevMenu.bundle",
			);
			runOnlyForDeploymentPostprocessing = 0;
			shellPath = /bin/sh;
			shellScript = "\"${PODS_ROOT}/Target Support Files/Pods-Comm/Pods-Comm-resources.sh\"\n";
			showEnvVarsInLog = 0;
		};
		E6221695BEF4548AF41DD8EB /* [CP] Copy Pods Resources */ = {
			isa = PBXShellScriptBuildPhase;
			buildActionMask = 2147483647;
			files = (
			);
			inputPaths = (
				"${PODS_ROOT}/Target Support Files/Pods-NotificationService/Pods-NotificationService-resources.sh",
				"${PODS_CONFIGURATION_BUILD_DIR}/EXConstants/EXConstants.bundle",
				"${PODS_CONFIGURATION_BUILD_DIR}/React-Core/AccessibilityResources.bundle",
				"${PODS_CONFIGURATION_BUILD_DIR}/expo-dev-launcher/EXDevLauncher.bundle",
				"${PODS_CONFIGURATION_BUILD_DIR}/expo-dev-menu/EXDevMenu.bundle",
			);
			name = "[CP] Copy Pods Resources";
			outputPaths = (
				"${TARGET_BUILD_DIR}/${UNLOCALIZED_RESOURCES_FOLDER_PATH}/EXConstants.bundle",
				"${TARGET_BUILD_DIR}/${UNLOCALIZED_RESOURCES_FOLDER_PATH}/AccessibilityResources.bundle",
				"${TARGET_BUILD_DIR}/${UNLOCALIZED_RESOURCES_FOLDER_PATH}/EXDevLauncher.bundle",
				"${TARGET_BUILD_DIR}/${UNLOCALIZED_RESOURCES_FOLDER_PATH}/EXDevMenu.bundle",
			);
			runOnlyForDeploymentPostprocessing = 0;
			shellPath = /bin/sh;
			shellScript = "\"${PODS_ROOT}/Target Support Files/Pods-NotificationService/Pods-NotificationService-resources.sh\"\n";
			showEnvVarsInLog = 0;
		};
		EA2E8897D838D7F3E680EACE /* [CP] Embed Pods Frameworks */ = {
			isa = PBXShellScriptBuildPhase;
			buildActionMask = 2147483647;
			files = (
			);
			inputPaths = (
				"${PODS_ROOT}/Target Support Files/Pods-Comm/Pods-Comm-frameworks.sh",
				"${PODS_XCFRAMEWORKS_BUILD_DIR}/OpenSSL-Universal/OpenSSL.framework/OpenSSL",
				"${PODS_XCFRAMEWORKS_BUILD_DIR}/hermes-engine/hermes.framework/hermes",
			);
			name = "[CP] Embed Pods Frameworks";
			outputPaths = (
				"${TARGET_BUILD_DIR}/${FRAMEWORKS_FOLDER_PATH}/OpenSSL.framework",
				"${TARGET_BUILD_DIR}/${FRAMEWORKS_FOLDER_PATH}/hermes.framework",
			);
			runOnlyForDeploymentPostprocessing = 0;
			shellPath = /bin/sh;
			shellScript = "\"${PODS_ROOT}/Target Support Files/Pods-Comm/Pods-Comm-frameworks.sh\"\n";
			showEnvVarsInLog = 0;
		};
/* End PBXShellScriptBuildPhase section */

/* Begin PBXSourcesBuildPhase section */
		13B07F871A680F5B00A75B9A /* Sources */ = {
			isa = PBXSourcesBuildPhase;
			buildActionMask = 2147483647;
			files = (
				CB7EF17E295C674300B17035 /* CommIOSNotifications.mm in Sources */,
				CB7EF180295C674300B17035 /* CommIOSNotificationsBridgeQueue.mm in Sources */,
				7F0C6E31291C4468002AA2D9 /* ExpoModulesProvider.swift in Sources */,
				75291F0428F9A0D400F4C80E /* DeviceID.cpp in Sources */,
				8E43C32C291E5B4A009378F5 /* TerminateApp.mm in Sources */,
				CB38B48628771CDD00171182 /* TemporaryMessageStorage.mm in Sources */,
				CB38B48428771CAF00171182 /* EncryptedFileUtils.mm in Sources */,
				CBFE58292885852B003B94C9 /* ThreadOperations.cpp in Sources */,
				CB38B48228771C7A00171182 /* NonBlockingLock.mm in Sources */,
				718DE99E2653D41C00365824 /* WorkerThread.cpp in Sources */,
				8B99BAAE28D511FF00EB5ADB /* lib.rs.cc in Sources */,
				71CA4AEC262F236100835C89 /* Tools.mm in Sources */,
				71762A75270D8AAE00F565ED /* PlatformSpecificTools.mm in Sources */,
				71BF5B7126B3FF0900EDE27D /* Session.cpp in Sources */,
				71BF5B7526B401D300EDE27D /* Tools.cpp in Sources */,
				13B07FBC1A68108700A75B9A /* AppDelegate.mm in Sources */,
				7FE4D9F5291DFE9300667BF6 /* commJSI-generated.cpp in Sources */,
				8B652FA6295EAA5B009F8163 /* RustCallback.cpp in Sources */,
				71142A7726C2650B0039DCBD /* CommSecureStoreIOSWrapper.mm in Sources */,
				CB38F2B1286C6C870010535C /* MessageOperationsUtilities.cpp in Sources */,
				71CA4A64262DA8E500835C89 /* Logger.mm in Sources */,
				71BF5B7F26BBDD7400EDE27D /* CryptoModule.cpp in Sources */,
				CB24361829A39A2500FEC4E1 /* NotificationsCryptoModule.cpp in Sources */,
				71BE844A2636A944002849D2 /* CommCoreModule.cpp in Sources */,
				71D4D7CC26C50B1000FCDBCD /* CommSecureStore.mm in Sources */,
				711B408425DA97F9005F8F06 /* dummy.swift in Sources */,
				8E86A6D329537EBB000BBE7D /* DatabaseManager.cpp in Sources */,
				CBDEC69B28ED867000C17588 /* GlobalDBSingleton.mm in Sources */,
				8B652FA3295EA753009F8163 /* RustPromiseManager.mm in Sources */,
				13B07FC11A68108700A75B9A /* main.m in Sources */,
				71BE844B2636A944002849D2 /* SQLiteQueryExecutor.cpp in Sources */,
			);
			runOnlyForDeploymentPostprocessing = 0;
		};
		713EE40226C6676B003D7C48 /* Sources */ = {
			isa = PBXSourcesBuildPhase;
			buildActionMask = 2147483647;
			files = (
				713EE41126C66B80003D7C48 /* CryptoTest.mm in Sources */,
			);
			runOnlyForDeploymentPostprocessing = 0;
		};
		724995CD27B4103A00323FCE /* Sources */ = {
			isa = PBXSourcesBuildPhase;
			buildActionMask = 2147483647;
			files = (
				CB90951F29534B32002F2A7F /* CommSecureStore.mm in Sources */,
				CB38B48728771CE500171182 /* TemporaryMessageStorage.mm in Sources */,
				CB38B48528771CB800171182 /* EncryptedFileUtils.mm in Sources */,
				CB38B48328771C8300171182 /* NonBlockingLock.mm in Sources */,
				CB1648AF27CFBE6A00394D9D /* CryptoModule.cpp in Sources */,
				CB4821AE27CFB187001AB7E1 /* Tools.cpp in Sources */,
				CB4821AC27CFB17C001AB7E1 /* Session.cpp in Sources */,
				CB4821A927CFB153001AB7E1 /* WorkerThread.cpp in Sources */,
				CB4821AA27CFB153001AB7E1 /* Tools.mm in Sources */,
				CB3C621227CE65030054F24C /* CommSecureStoreIOSWrapper.mm in Sources */,
				CB3C621127CE4A320054F24C /* Logger.mm in Sources */,
				724995D527B4103A00323FCE /* NotificationService.mm in Sources */,
				CB4821AF27CFB19D001AB7E1 /* PlatformSpecificTools.mm in Sources */,
				1F537ACC7B60DC049C0ECFA7 /* ExpoModulesProvider.swift in Sources */,
			);
			runOnlyForDeploymentPostprocessing = 0;
		};
/* End PBXSourcesBuildPhase section */

/* Begin PBXTargetDependency section */
		713EE40C26C6676B003D7C48 /* PBXTargetDependency */ = {
			isa = PBXTargetDependency;
			target = 13B07F861A680F5B00A75B9A /* Comm */;
			targetProxy = 713EE40B26C6676B003D7C48 /* PBXContainerItemProxy */;
		};
		724995D827B4103A00323FCE /* PBXTargetDependency */ = {
			isa = PBXTargetDependency;
			target = 724995D027B4103A00323FCE /* NotificationService */;
			targetProxy = 724995D727B4103A00323FCE /* PBXContainerItemProxy */;
		};
/* End PBXTargetDependency section */

/* Begin XCBuildConfiguration section */
		13B07F941A680F5B00A75B9A /* Debug */ = {
			isa = XCBuildConfiguration;
			baseConfigurationReference = F53DA7B3F26C2798DCE74A94 /* Pods-Comm.debug.xcconfig */;
			buildSettings = {
				ASSETCATALOG_COMPILER_APPICON_NAME = AppIcon;
				CLANG_CXX_LANGUAGE_STANDARD = "c++17";
				CLANG_ENABLE_MODULES = YES;
				CLANG_WARN_OBJC_ROOT_CLASS = YES;
				CODE_SIGN_ENTITLEMENTS = Comm/Comm.entitlements;
				CODE_SIGN_IDENTITY = "Apple Development";
				"CODE_SIGN_IDENTITY[sdk=iphoneos*]" = "iPhone Developer";
				CODE_SIGN_STYLE = Automatic;
				CURRENT_PROJECT_VERSION = 1;
				DEAD_CODE_STRIPPING = YES;
				DEVELOPMENT_TEAM = H98Y8MH53M;
				"EXCLUDED_ARCHS[sdk=iphonesimulator*]" = arm64;
				GCC_PREPROCESSOR_DEFINITIONS = (
					"$(inherited)",
					"COCOAPODS=1",
					"FB_SONARKIT_ENABLED=1",
					"SD_WEBP=1",
				);
				HEADER_SEARCH_PATHS = (
					"$(inherited)",
					"$(SRCROOT)/../node_modules/react-native/Libraries/LinkingIOS",
					"$(PODS_ROOT)/boost-for-react-native",
					"$(SRCROOT)/../native_rust_library",
					"$(PODS_ROOT)/Headers/Private/React-bridging/react/bridging",
				);
				INFOPLIST_FILE = Comm/Info.debug.plist;
				IPHONEOS_DEPLOYMENT_TARGET = 13.0;
				LD_RUNPATH_SEARCH_PATHS = (
					"$(inherited)",
					"@executable_path/Frameworks",
				);
				LIBRARY_SEARCH_PATHS = (
					"$(SDKROOT)/usr/lib/swift",
					"$(inherited)",
					"\"${DT_TOOLCHAIN_DIR}/usr/lib/swift/${PLATFORM_NAME}\"",
					"\"${PODS_CONFIGURATION_BUILD_DIR}/CocoaAsyncSocket\"",
					"\"${PODS_CONFIGURATION_BUILD_DIR}/DVAssetLoaderDelegate\"",
					"\"${PODS_CONFIGURATION_BUILD_DIR}/DoubleConversion\"",
					"\"${PODS_CONFIGURATION_BUILD_DIR}/EXApplication\"",
					"\"${PODS_CONFIGURATION_BUILD_DIR}/EXConstants\"",
					"\"${PODS_CONFIGURATION_BUILD_DIR}/EXFont\"",
					"\"${PODS_CONFIGURATION_BUILD_DIR}/EXHaptics\"",
					"\"${PODS_CONFIGURATION_BUILD_DIR}/EXImageLoader\"",
					"\"${PODS_CONFIGURATION_BUILD_DIR}/EXImageManipulator\"",
					"\"${PODS_CONFIGURATION_BUILD_DIR}/EXKeepAwake\"",
					"\"${PODS_CONFIGURATION_BUILD_DIR}/EXSecureStore\"",
					"\"${PODS_CONFIGURATION_BUILD_DIR}/ExpoModulesCore\"",
					"\"${PODS_CONFIGURATION_BUILD_DIR}/FBReactNativeSpec\"",
					"\"${PODS_CONFIGURATION_BUILD_DIR}/OLMKit\"",
					"\"${PODS_CONFIGURATION_BUILD_DIR}/Protobuf-C++\"",
					"\"${PODS_CONFIGURATION_BUILD_DIR}/RCT-Folly\"",
					"\"${PODS_CONFIGURATION_BUILD_DIR}/RCTTypeSafety\"",
					"\"${PODS_CONFIGURATION_BUILD_DIR}/RNCAsyncStorage\"",
					"\"${PODS_CONFIGURATION_BUILD_DIR}/RNCClipboard\"",
					"\"${PODS_CONFIGURATION_BUILD_DIR}/RNCMaskedView\"",
					"\"${PODS_CONFIGURATION_BUILD_DIR}/RNDeviceInfo\"",
					"\"${PODS_CONFIGURATION_BUILD_DIR}/RNFS\"",
					"\"${PODS_CONFIGURATION_BUILD_DIR}/RNFastImage\"",
					"\"${PODS_CONFIGURATION_BUILD_DIR}/RNGestureHandler\"",
					"\"${PODS_CONFIGURATION_BUILD_DIR}/RNKeychain\"",
					"\"${PODS_CONFIGURATION_BUILD_DIR}/RNReanimated\"",
					"\"${PODS_CONFIGURATION_BUILD_DIR}/RNSVG\"",
					"\"${PODS_CONFIGURATION_BUILD_DIR}/RNScreens\"",
					"\"${PODS_CONFIGURATION_BUILD_DIR}/RNVectorIcons\"",
					"\"${PODS_CONFIGURATION_BUILD_DIR}/React-Core\"",
					"\"${PODS_CONFIGURATION_BUILD_DIR}/React-CoreModules\"",
					"\"${PODS_CONFIGURATION_BUILD_DIR}/React-RCTAnimation\"",
					"\"${PODS_CONFIGURATION_BUILD_DIR}/React-RCTBlob\"",
					"\"${PODS_CONFIGURATION_BUILD_DIR}/React-RCTImage\"",
					"\"${PODS_CONFIGURATION_BUILD_DIR}/React-RCTLinking\"",
					"\"${PODS_CONFIGURATION_BUILD_DIR}/React-RCTNetwork\"",
					"\"${PODS_CONFIGURATION_BUILD_DIR}/React-RCTSettings\"",
					"\"${PODS_CONFIGURATION_BUILD_DIR}/React-RCTText\"",
					"\"${PODS_CONFIGURATION_BUILD_DIR}/React-RCTVibration\"",
					"\"${PODS_CONFIGURATION_BUILD_DIR}/React-cxxreact\"",
					"\"${PODS_CONFIGURATION_BUILD_DIR}/React-hermes\"",
					"\"${PODS_CONFIGURATION_BUILD_DIR}/React-jsi\"",
					"\"${PODS_CONFIGURATION_BUILD_DIR}/React-jsiexecutor\"",
					"\"${PODS_CONFIGURATION_BUILD_DIR}/React-jsinspector\"",
					"\"${PODS_CONFIGURATION_BUILD_DIR}/React-logger\"",
					"\"${PODS_CONFIGURATION_BUILD_DIR}/React-perflogger\"",
					"\"${PODS_CONFIGURATION_BUILD_DIR}/ReactCommon\"",
					"\"${PODS_CONFIGURATION_BUILD_DIR}/ReactNativeART\"",
					"\"${PODS_CONFIGURATION_BUILD_DIR}/ReactNativeDarkMode\"",
					"\"${PODS_CONFIGURATION_BUILD_DIR}/ReactNativeKeyboardInput\"",
					"\"${PODS_CONFIGURATION_BUILD_DIR}/ReactNativeKeyboardTrackingView\"",
					"\"${PODS_CONFIGURATION_BUILD_DIR}/SDWebImage\"",
					"\"${PODS_CONFIGURATION_BUILD_DIR}/SDWebImageWebPCoder\"",
					"\"${PODS_CONFIGURATION_BUILD_DIR}/SPTPersistentCache\"",
					"\"${PODS_CONFIGURATION_BUILD_DIR}/SQLCipher-Amalgamation\"",
					"\"${PODS_CONFIGURATION_BUILD_DIR}/Yoga\"",
					"\"${PODS_CONFIGURATION_BUILD_DIR}/YogaKit\"",
					"\"${PODS_CONFIGURATION_BUILD_DIR}/abseil\"",
					"\"${PODS_CONFIGURATION_BUILD_DIR}/fmt\"",
					"\"${PODS_CONFIGURATION_BUILD_DIR}/gRPC-C++\"",
					"\"${PODS_CONFIGURATION_BUILD_DIR}/gRPC-Core\"",
					"\"${PODS_CONFIGURATION_BUILD_DIR}/glog\"",
					"\"${PODS_CONFIGURATION_BUILD_DIR}/libevent\"",
					"\"${PODS_CONFIGURATION_BUILD_DIR}/libwebp\"",
					"\"${PODS_CONFIGURATION_BUILD_DIR}/lottie-ios\"",
					"\"${PODS_CONFIGURATION_BUILD_DIR}/lottie-react-native\"",
					"\"${PODS_CONFIGURATION_BUILD_DIR}/react-native-background-upload\"",
					"\"${PODS_CONFIGURATION_BUILD_DIR}/react-native-camera\"",
					"\"${PODS_CONFIGURATION_BUILD_DIR}/react-native-ffmpeg\"",
					"\"${PODS_CONFIGURATION_BUILD_DIR}/react-native-in-app-message\"",
					"\"${PODS_CONFIGURATION_BUILD_DIR}/react-native-netinfo\"",
					"\"${PODS_CONFIGURATION_BUILD_DIR}/react-native-notifications\"",
					"\"${PODS_CONFIGURATION_BUILD_DIR}/react-native-orientation-locker\"",
					"\"${PODS_CONFIGURATION_BUILD_DIR}/react-native-safe-area-context\"",
					"\"${PODS_CONFIGURATION_BUILD_DIR}/react-native-video\"",
					/usr/lib/swift,
					"$(SRCROOT)/../native_rust_library/target/universal/release",
				);
				OTHER_CPLUSPLUSFLAGS = (
					"-DFOLLY_MOBILE=1",
					"-DFOLLY_NO_CONFIG",
					"-DFOLLY_USE_LIBCPP=1",
					"-DREACT_NATIVE_MINOR_VERSION=70",
					"-fcxx-modules",
					"-fmodules",
				);
				OTHER_LDFLAGS = (
					"$(inherited)",
					"-ObjC",
					"-lc++",
				);
				OTHER_SWIFT_FLAGS = "$(inherited) -D EXPO_CONFIGURATION_DEBUG";
				PRODUCT_BUNDLE_IDENTIFIER = app.comm;
				PRODUCT_NAME = Comm;
				PROVISIONING_PROFILE_SPECIFIER = "";
				SWIFT_OBJC_BRIDGING_HEADER = "Comm-Bridging-Header.h";
				SWIFT_OPTIMIZATION_LEVEL = "-Onone";
				SWIFT_VERSION = 5.0;
				TARGETED_DEVICE_FAMILY = 1;
				USE_HEADERMAP = YES;
				VERSIONING_SYSTEM = "apple-generic";
			};
			name = Debug;
		};
		13B07F951A680F5B00A75B9A /* Release */ = {
			isa = XCBuildConfiguration;
			baseConfigurationReference = C562A7004903539402D988CE /* Pods-Comm.release.xcconfig */;
			buildSettings = {
				ASSETCATALOG_COMPILER_APPICON_NAME = AppIcon;
				CLANG_CXX_LANGUAGE_STANDARD = "c++17";
				CLANG_ENABLE_MODULES = YES;
				CLANG_WARN_OBJC_ROOT_CLASS = YES;
				CODE_SIGN_ENTITLEMENTS = Comm/Comm.entitlements;
				CODE_SIGN_IDENTITY = "Apple Development";
				"CODE_SIGN_IDENTITY[sdk=iphoneos*]" = "iPhone Developer";
				CODE_SIGN_STYLE = Automatic;
				CURRENT_PROJECT_VERSION = 1;
				DEVELOPMENT_TEAM = H98Y8MH53M;
				"EXCLUDED_ARCHS[sdk=iphonesimulator*]" = arm64;
				HEADER_SEARCH_PATHS = (
					"$(inherited)",
					"$(SRCROOT)/../node_modules/react-native/Libraries/LinkingIOS",
					"$(PODS_ROOT)/boost-for-react-native",
					"$(SRCROOT)/../native_rust_library",
					"$(PODS_ROOT)/Headers/Private/React-bridging/react/bridging",
				);
				INFOPLIST_FILE = Comm/Info.release.plist;
				IPHONEOS_DEPLOYMENT_TARGET = 13.0;
				LD_RUNPATH_SEARCH_PATHS = (
					"$(inherited)",
					"@executable_path/Frameworks",
				);
				LIBRARY_SEARCH_PATHS = (
					"$(SDKROOT)/usr/lib/swift",
					"$(inherited)",
					"\"${DT_TOOLCHAIN_DIR}/usr/lib/swift/${PLATFORM_NAME}\"",
					"\"${PODS_CONFIGURATION_BUILD_DIR}/CocoaAsyncSocket\"",
					"\"${PODS_CONFIGURATION_BUILD_DIR}/DVAssetLoaderDelegate\"",
					"\"${PODS_CONFIGURATION_BUILD_DIR}/DoubleConversion\"",
					"\"${PODS_CONFIGURATION_BUILD_DIR}/EXApplication\"",
					"\"${PODS_CONFIGURATION_BUILD_DIR}/EXConstants\"",
					"\"${PODS_CONFIGURATION_BUILD_DIR}/EXFont\"",
					"\"${PODS_CONFIGURATION_BUILD_DIR}/EXHaptics\"",
					"\"${PODS_CONFIGURATION_BUILD_DIR}/EXImageLoader\"",
					"\"${PODS_CONFIGURATION_BUILD_DIR}/EXImageManipulator\"",
					"\"${PODS_CONFIGURATION_BUILD_DIR}/EXKeepAwake\"",
					"\"${PODS_CONFIGURATION_BUILD_DIR}/EXSecureStore\"",
					"\"${PODS_CONFIGURATION_BUILD_DIR}/ExpoModulesCore\"",
					"\"${PODS_CONFIGURATION_BUILD_DIR}/FBReactNativeSpec\"",
					"\"${PODS_CONFIGURATION_BUILD_DIR}/OLMKit\"",
					"\"${PODS_CONFIGURATION_BUILD_DIR}/Protobuf-C++\"",
					"\"${PODS_CONFIGURATION_BUILD_DIR}/RCT-Folly\"",
					"\"${PODS_CONFIGURATION_BUILD_DIR}/RCTTypeSafety\"",
					"\"${PODS_CONFIGURATION_BUILD_DIR}/RNCAsyncStorage\"",
					"\"${PODS_CONFIGURATION_BUILD_DIR}/RNCClipboard\"",
					"\"${PODS_CONFIGURATION_BUILD_DIR}/RNCMaskedView\"",
					"\"${PODS_CONFIGURATION_BUILD_DIR}/RNDeviceInfo\"",
					"\"${PODS_CONFIGURATION_BUILD_DIR}/RNFS\"",
					"\"${PODS_CONFIGURATION_BUILD_DIR}/RNFastImage\"",
					"\"${PODS_CONFIGURATION_BUILD_DIR}/RNGestureHandler\"",
					"\"${PODS_CONFIGURATION_BUILD_DIR}/RNKeychain\"",
					"\"${PODS_CONFIGURATION_BUILD_DIR}/RNReanimated\"",
					"\"${PODS_CONFIGURATION_BUILD_DIR}/RNSVG\"",
					"\"${PODS_CONFIGURATION_BUILD_DIR}/RNScreens\"",
					"\"${PODS_CONFIGURATION_BUILD_DIR}/RNVectorIcons\"",
					"\"${PODS_CONFIGURATION_BUILD_DIR}/React-Core\"",
					"\"${PODS_CONFIGURATION_BUILD_DIR}/React-CoreModules\"",
					"\"${PODS_CONFIGURATION_BUILD_DIR}/React-RCTAnimation\"",
					"\"${PODS_CONFIGURATION_BUILD_DIR}/React-RCTBlob\"",
					"\"${PODS_CONFIGURATION_BUILD_DIR}/React-RCTImage\"",
					"\"${PODS_CONFIGURATION_BUILD_DIR}/React-RCTLinking\"",
					"\"${PODS_CONFIGURATION_BUILD_DIR}/React-RCTNetwork\"",
					"\"${PODS_CONFIGURATION_BUILD_DIR}/React-RCTSettings\"",
					"\"${PODS_CONFIGURATION_BUILD_DIR}/React-RCTText\"",
					"\"${PODS_CONFIGURATION_BUILD_DIR}/React-RCTVibration\"",
					"\"${PODS_CONFIGURATION_BUILD_DIR}/React-cxxreact\"",
					"\"${PODS_CONFIGURATION_BUILD_DIR}/React-hermes\"",
					"\"${PODS_CONFIGURATION_BUILD_DIR}/React-jsi\"",
					"\"${PODS_CONFIGURATION_BUILD_DIR}/React-jsiexecutor\"",
					"\"${PODS_CONFIGURATION_BUILD_DIR}/React-jsinspector\"",
					"\"${PODS_CONFIGURATION_BUILD_DIR}/React-logger\"",
					"\"${PODS_CONFIGURATION_BUILD_DIR}/React-perflogger\"",
					"\"${PODS_CONFIGURATION_BUILD_DIR}/ReactCommon\"",
					"\"${PODS_CONFIGURATION_BUILD_DIR}/ReactNativeART\"",
					"\"${PODS_CONFIGURATION_BUILD_DIR}/ReactNativeDarkMode\"",
					"\"${PODS_CONFIGURATION_BUILD_DIR}/ReactNativeKeyboardInput\"",
					"\"${PODS_CONFIGURATION_BUILD_DIR}/ReactNativeKeyboardTrackingView\"",
					"\"${PODS_CONFIGURATION_BUILD_DIR}/SDWebImage\"",
					"\"${PODS_CONFIGURATION_BUILD_DIR}/SDWebImageWebPCoder\"",
					"\"${PODS_CONFIGURATION_BUILD_DIR}/SPTPersistentCache\"",
					"\"${PODS_CONFIGURATION_BUILD_DIR}/SQLCipher-Amalgamation\"",
					"\"${PODS_CONFIGURATION_BUILD_DIR}/Yoga\"",
					"\"${PODS_CONFIGURATION_BUILD_DIR}/YogaKit\"",
					"\"${PODS_CONFIGURATION_BUILD_DIR}/abseil\"",
					"\"${PODS_CONFIGURATION_BUILD_DIR}/fmt\"",
					"\"${PODS_CONFIGURATION_BUILD_DIR}/gRPC-C++\"",
					"\"${PODS_CONFIGURATION_BUILD_DIR}/gRPC-Core\"",
					"\"${PODS_CONFIGURATION_BUILD_DIR}/glog\"",
					"\"${PODS_CONFIGURATION_BUILD_DIR}/libevent\"",
					"\"${PODS_CONFIGURATION_BUILD_DIR}/libwebp\"",
					"\"${PODS_CONFIGURATION_BUILD_DIR}/lottie-ios\"",
					"\"${PODS_CONFIGURATION_BUILD_DIR}/lottie-react-native\"",
					"\"${PODS_CONFIGURATION_BUILD_DIR}/react-native-background-upload\"",
					"\"${PODS_CONFIGURATION_BUILD_DIR}/react-native-camera\"",
					"\"${PODS_CONFIGURATION_BUILD_DIR}/react-native-ffmpeg\"",
					"\"${PODS_CONFIGURATION_BUILD_DIR}/react-native-in-app-message\"",
					"\"${PODS_CONFIGURATION_BUILD_DIR}/react-native-netinfo\"",
					"\"${PODS_CONFIGURATION_BUILD_DIR}/react-native-notifications\"",
					"\"${PODS_CONFIGURATION_BUILD_DIR}/react-native-orientation-locker\"",
					"\"${PODS_CONFIGURATION_BUILD_DIR}/react-native-safe-area-context\"",
					"\"${PODS_CONFIGURATION_BUILD_DIR}/react-native-video\"",
					/usr/lib/swift,
					"$(SRCROOT)/../native_rust_library/target/universal/release",
				);
				ONLY_ACTIVE_ARCH = YES;
				OTHER_CPLUSPLUSFLAGS = (
					"-DFOLLY_MOBILE=1",
					"-DFOLLY_NO_CONFIG",
					"-DFOLLY_USE_LIBCPP=1",
					"-DREACT_NATIVE_MINOR_VERSION=70",
					"-fcxx-modules",
					"-fmodules",
				);
				OTHER_LDFLAGS = (
					"$(inherited)",
					"-ObjC",
					"-lc++",
				);
				OTHER_SWIFT_FLAGS = "$(inherited) -D EXPO_CONFIGURATION_RELEASE";
				PRODUCT_BUNDLE_IDENTIFIER = app.comm;
				PRODUCT_NAME = Comm;
				PROVISIONING_PROFILE_SPECIFIER = "";
				SWIFT_OBJC_BRIDGING_HEADER = "Comm-Bridging-Header.h";
				SWIFT_VERSION = 5.0;
				TARGETED_DEVICE_FAMILY = 1;
				USE_HEADERMAP = YES;
				VERSIONING_SYSTEM = "apple-generic";
			};
			name = Release;
		};
		713EE40D26C6676B003D7C48 /* Debug */ = {
			isa = XCBuildConfiguration;
			buildSettings = {
				ALWAYS_EMBED_SWIFT_STANDARD_LIBRARIES = YES;
				BUNDLE_LOADER = "$(TEST_HOST)";
				CLANG_ANALYZER_NONNULL = YES;
				CLANG_ANALYZER_NUMBER_OBJECT_CONVERSION = YES_AGGRESSIVE;
				CLANG_CXX_LANGUAGE_STANDARD = "c++17";
				CLANG_ENABLE_OBJC_WEAK = YES;
				CLANG_WARN_DOCUMENTATION_COMMENTS = YES;
				CLANG_WARN_QUOTED_INCLUDE_IN_FRAMEWORK_HEADER = YES;
				CLANG_WARN_UNGUARDED_AVAILABILITY = YES_AGGRESSIVE;
				CODE_SIGN_STYLE = Automatic;
				DEBUG_INFORMATION_FORMAT = dwarf;
				"EXCLUDED_ARCHS[sdk=iphonesimulator*]" = "i386 arm64";
				GCC_C_LANGUAGE_STANDARD = gnu11;
				GCC_PREPROCESSOR_DEFINITIONS = (
					"DEBUG=1",
					"$(inherited)",
				);
				INFOPLIST_FILE = CommTests/Info.plist;
				IPHONEOS_DEPLOYMENT_TARGET = 14.5;
				LD_RUNPATH_SEARCH_PATHS = (
					"$(inherited)",
					"@executable_path/Frameworks",
					"@loader_path/Frameworks",
				);
				MTL_ENABLE_DEBUG_INFO = INCLUDE_SOURCE;
				MTL_FAST_MATH = YES;
				OTHER_SWIFT_FLAGS = "$(inherited) -D EXPO_CONFIGURATION_DEBUG";
				PRODUCT_BUNDLE_IDENTIFIER = swm.CommTests;
				PRODUCT_NAME = "$(TARGET_NAME)";
				TARGETED_DEVICE_FAMILY = "1,2";
				TEST_HOST = "$(BUILT_PRODUCTS_DIR)/Comm.app/Comm";
				USER_HEADER_SEARCH_PATHS = (
					../../node_modules/olm/include,
					../../node_modules/olm/lib,
					"${PODS_ROOT}/OLMKit/include",
					"${PODS_ROOT}/OLMKit/lib",
				);
			};
			name = Debug;
		};
		713EE40E26C6676B003D7C48 /* Release */ = {
			isa = XCBuildConfiguration;
			buildSettings = {
				ALWAYS_EMBED_SWIFT_STANDARD_LIBRARIES = YES;
				BUNDLE_LOADER = "$(TEST_HOST)";
				CLANG_ANALYZER_NONNULL = YES;
				CLANG_ANALYZER_NUMBER_OBJECT_CONVERSION = YES_AGGRESSIVE;
				CLANG_CXX_LANGUAGE_STANDARD = "c++17";
				CLANG_ENABLE_OBJC_WEAK = YES;
				CLANG_WARN_DOCUMENTATION_COMMENTS = YES;
				CLANG_WARN_QUOTED_INCLUDE_IN_FRAMEWORK_HEADER = YES;
				CLANG_WARN_UNGUARDED_AVAILABILITY = YES_AGGRESSIVE;
				CODE_SIGN_STYLE = Automatic;
				COPY_PHASE_STRIP = NO;
				DEBUG_INFORMATION_FORMAT = "dwarf-with-dsym";
				"EXCLUDED_ARCHS[sdk=iphonesimulator*]" = "i386 arm64";
				GCC_C_LANGUAGE_STANDARD = gnu11;
				INFOPLIST_FILE = CommTests/Info.plist;
				IPHONEOS_DEPLOYMENT_TARGET = 14.5;
				LD_RUNPATH_SEARCH_PATHS = (
					"$(inherited)",
					"@executable_path/Frameworks",
					"@loader_path/Frameworks",
				);
				MTL_FAST_MATH = YES;
				OTHER_SWIFT_FLAGS = "$(inherited) -D EXPO_CONFIGURATION_RELEASE";
				PRODUCT_BUNDLE_IDENTIFIER = swm.CommTests;
				PRODUCT_NAME = "$(TARGET_NAME)";
				TARGETED_DEVICE_FAMILY = "1,2";
				TEST_HOST = "$(BUILT_PRODUCTS_DIR)/Comm.app/Comm";
				USER_HEADER_SEARCH_PATHS = (
					../../node_modules/olm/include,
					../../node_modules/olm/lib,
					"${PODS_ROOT}/OLMKit/include",
					"${PODS_ROOT}/OLMKit/lib",
				);
			};
			name = Release;
		};
		724995DB27B4103A00323FCE /* Debug */ = {
			isa = XCBuildConfiguration;
			baseConfigurationReference = 891D1495EE1F375F3AF6C7ED /* Pods-NotificationService.debug.xcconfig */;
			buildSettings = {
				APPLICATION_EXTENSION_API_ONLY = YES;
				CLANG_ANALYZER_NONNULL = YES;
				CLANG_ANALYZER_NUMBER_OBJECT_CONVERSION = YES_AGGRESSIVE;
				CLANG_CXX_LANGUAGE_STANDARD = "c++17";
				CLANG_ENABLE_OBJC_WEAK = YES;
				CLANG_WARN_DOCUMENTATION_COMMENTS = YES;
				CLANG_WARN_QUOTED_INCLUDE_IN_FRAMEWORK_HEADER = YES;
				CLANG_WARN_UNGUARDED_AVAILABILITY = YES_AGGRESSIVE;
				CODE_SIGN_ENTITLEMENTS = NotificationService/NotificationService.entitlements;
				CODE_SIGN_IDENTITY = "Apple Development";
				"CODE_SIGN_IDENTITY[sdk=iphoneos*]" = "iPhone Developer";
				CODE_SIGN_STYLE = Automatic;
				CURRENT_PROJECT_VERSION = 202;
				DEBUG_INFORMATION_FORMAT = dwarf;
				DEVELOPMENT_TEAM = H98Y8MH53M;
				"EXCLUDED_ARCHS[sdk=iphonesimulator*]" = arm64;
				GCC_C_LANGUAGE_STANDARD = gnu11;
				GCC_PREPROCESSOR_DEFINITIONS = (
					"DEBUG=1",
					"$(inherited)",
				);
				GENERATE_INFOPLIST_FILE = YES;
				INFOPLIST_FILE = NotificationService/Info.plist;
				INFOPLIST_KEY_CFBundleDisplayName = NotificationService;
				INFOPLIST_KEY_NSHumanReadableCopyright = "Copyright © 2022 Comm Technologies, Inc. All rights reserved.";
				IPHONEOS_DEPLOYMENT_TARGET = 13.0;
				LD_RUNPATH_SEARCH_PATHS = (
					"$(inherited)",
					"@executable_path/Frameworks",
					"@executable_path/../../Frameworks",
				);
				MARKETING_VERSION = 1.0.202;
				MTL_ENABLE_DEBUG_INFO = INCLUDE_SOURCE;
				MTL_FAST_MATH = YES;
				OTHER_CFLAGS = (
					"$(inherited)",
					"-DSQLITE_HAS_CODEC",
					"-DFOLLY_MOBILE=1",
					"-DFOLLY_NO_CONFIG",
					"-DFOLLY_USE_LIBCPP=1",
					"-DSQLITE_TEMP_STORE=2",
					"-DSQLCIPHER_CRYPTO_OPENSSL",
				);
				OTHER_CPLUSPLUSFLAGS = "$(OTHER_CFLAGS)";
				OTHER_SWIFT_FLAGS = "$(inherited) -D EXPO_CONFIGURATION_DEBUG";
				PRODUCT_BUNDLE_IDENTIFIER = app.comm.NotificationService;
				PRODUCT_NAME = "$(TARGET_NAME)";
				SKIP_INSTALL = NO;
				SWIFT_EMIT_LOC_STRINGS = YES;
				SWIFT_VERSION = 5.0;
				TARGETED_DEVICE_FAMILY = 1;
			};
			name = Debug;
		};
		724995DC27B4103A00323FCE /* Release */ = {
			isa = XCBuildConfiguration;
			baseConfigurationReference = 913E5A7BDECB327E3DE11053 /* Pods-NotificationService.release.xcconfig */;
			buildSettings = {
				APPLICATION_EXTENSION_API_ONLY = YES;
				CLANG_ANALYZER_NONNULL = YES;
				CLANG_ANALYZER_NUMBER_OBJECT_CONVERSION = YES_AGGRESSIVE;
				CLANG_CXX_LANGUAGE_STANDARD = "c++17";
				CLANG_ENABLE_OBJC_WEAK = YES;
				CLANG_WARN_DOCUMENTATION_COMMENTS = YES;
				CLANG_WARN_QUOTED_INCLUDE_IN_FRAMEWORK_HEADER = YES;
				CLANG_WARN_UNGUARDED_AVAILABILITY = YES_AGGRESSIVE;
				CODE_SIGN_ENTITLEMENTS = NotificationService/NotificationService.entitlements;
				CODE_SIGN_IDENTITY = "Apple Development";
				"CODE_SIGN_IDENTITY[sdk=iphoneos*]" = "iPhone Developer";
				CODE_SIGN_STYLE = Automatic;
				COPY_PHASE_STRIP = NO;
				CURRENT_PROJECT_VERSION = 202;
				DEBUG_INFORMATION_FORMAT = "dwarf-with-dsym";
				DEVELOPMENT_TEAM = H98Y8MH53M;
				"EXCLUDED_ARCHS[sdk=iphonesimulator*]" = arm64;
				GCC_C_LANGUAGE_STANDARD = gnu11;
				GENERATE_INFOPLIST_FILE = YES;
				INFOPLIST_FILE = NotificationService/Info.plist;
				INFOPLIST_KEY_CFBundleDisplayName = NotificationService;
				INFOPLIST_KEY_NSHumanReadableCopyright = "Copyright © 2022 Comm Technologies, Inc. All rights reserved.";
				IPHONEOS_DEPLOYMENT_TARGET = 13.0;
				LD_RUNPATH_SEARCH_PATHS = (
					"$(inherited)",
					"@executable_path/Frameworks",
					"@executable_path/../../Frameworks",
				);
				MARKETING_VERSION = 1.0.202;
				MTL_FAST_MATH = YES;
				ONLY_ACTIVE_ARCH = YES;
				OTHER_CFLAGS = (
					"$(inherited)",
					"-DSQLITE_HAS_CODEC",
					"-DFOLLY_MOBILE=1",
					"-DFOLLY_NO_CONFIG",
					"-DFOLLY_USE_LIBCPP=1",
					"-DSQLITE_TEMP_STORE=2",
					"-DSQLCIPHER_CRYPTO_OPENSSL",
				);
				OTHER_SWIFT_FLAGS = "$(inherited) -D EXPO_CONFIGURATION_RELEASE";
				PRODUCT_BUNDLE_IDENTIFIER = app.comm.NotificationService;
				PRODUCT_NAME = "$(TARGET_NAME)";
				SKIP_INSTALL = NO;
				SWIFT_EMIT_LOC_STRINGS = YES;
				SWIFT_VERSION = 5.0;
				TARGETED_DEVICE_FAMILY = 1;
			};
			name = Release;
		};
		83CBBA201A601CBA00E9B192 /* Debug */ = {
			isa = XCBuildConfiguration;
			buildSettings = {
				ALWAYS_SEARCH_USER_PATHS = NO;
				CLANG_ANALYZER_LOCALIZABILITY_NONLOCALIZED = YES;
				CLANG_CXX_LANGUAGE_STANDARD = "c++17";
				CLANG_CXX_LIBRARY = "libc++";
				CLANG_ENABLE_MODULES = YES;
				CLANG_ENABLE_OBJC_ARC = YES;
				CLANG_WARN_BLOCK_CAPTURE_AUTORELEASING = YES;
				CLANG_WARN_BOOL_CONVERSION = YES;
				CLANG_WARN_COMMA = YES;
				CLANG_WARN_CONSTANT_CONVERSION = YES;
				CLANG_WARN_DEPRECATED_OBJC_IMPLEMENTATIONS = YES;
				CLANG_WARN_DIRECT_OBJC_ISA_USAGE = YES_ERROR;
				CLANG_WARN_EMPTY_BODY = YES;
				CLANG_WARN_ENUM_CONVERSION = YES;
				CLANG_WARN_INFINITE_RECURSION = YES;
				CLANG_WARN_INT_CONVERSION = YES;
				CLANG_WARN_NON_LITERAL_NULL_CONVERSION = YES;
				CLANG_WARN_OBJC_IMPLICIT_RETAIN_SELF = YES;
				CLANG_WARN_OBJC_LITERAL_CONVERSION = YES;
				CLANG_WARN_OBJC_ROOT_CLASS = YES_ERROR;
				CLANG_WARN_RANGE_LOOP_ANALYSIS = YES;
				CLANG_WARN_STRICT_PROTOTYPES = YES;
				CLANG_WARN_SUSPICIOUS_MOVE = YES;
				CLANG_WARN_UNREACHABLE_CODE = YES;
				CLANG_WARN__DUPLICATE_METHOD_MATCH = YES;
				"CODE_SIGN_IDENTITY[sdk=iphoneos*]" = "iPhone Developer";
				COPY_PHASE_STRIP = NO;
				ENABLE_STRICT_OBJC_MSGSEND = YES;
				ENABLE_TESTABILITY = YES;
				"EXCLUDED_ARCHS[sdk=iphonesimulator*]" = i386;
				GCC_C_LANGUAGE_STANDARD = gnu99;
				GCC_DYNAMIC_NO_PIC = NO;
				GCC_NO_COMMON_BLOCKS = YES;
				GCC_OPTIMIZATION_LEVEL = 0;
				GCC_PREPROCESSOR_DEFINITIONS = (
					"DEBUG=1",
					"FB_SONARKIT_ENABLED=1",
					"$(inherited)",
				);
				GCC_SYMBOLS_PRIVATE_EXTERN = NO;
				GCC_WARN_64_TO_32_BIT_CONVERSION = YES;
				GCC_WARN_ABOUT_RETURN_TYPE = YES_ERROR;
				GCC_WARN_UNDECLARED_SELECTOR = YES;
				GCC_WARN_UNINITIALIZED_AUTOS = YES_AGGRESSIVE;
				GCC_WARN_UNUSED_FUNCTION = YES;
				GCC_WARN_UNUSED_VARIABLE = YES;
				IPHONEOS_DEPLOYMENT_TARGET = 13.0;
				MTL_ENABLE_DEBUG_INFO = YES;
				ONLY_ACTIVE_ARCH = YES;
				OTHER_CPLUSPLUSFLAGS = (
					"$(OTHER_CFLAGS)",
					"-DFOLLY_MOBILE=1",
					"-DFOLLY_NO_CONFIG",
					"-DFOLLY_USE_LIBCPP=1",
					"-fcxx-modules",
					"-fmodules",
				);
				REACT_NATIVE_PATH = "${PODS_ROOT}/../../node_modules/react-native";
				SDKROOT = iphoneos;
			};
			name = Debug;
		};
		83CBBA211A601CBA00E9B192 /* Release */ = {
			isa = XCBuildConfiguration;
			buildSettings = {
				ALWAYS_SEARCH_USER_PATHS = NO;
				CLANG_ANALYZER_LOCALIZABILITY_NONLOCALIZED = YES;
				CLANG_CXX_LANGUAGE_STANDARD = "c++17";
				CLANG_CXX_LIBRARY = "libc++";
				CLANG_ENABLE_MODULES = YES;
				CLANG_ENABLE_OBJC_ARC = YES;
				CLANG_WARN_BLOCK_CAPTURE_AUTORELEASING = YES;
				CLANG_WARN_BOOL_CONVERSION = YES;
				CLANG_WARN_COMMA = YES;
				CLANG_WARN_CONSTANT_CONVERSION = YES;
				CLANG_WARN_DEPRECATED_OBJC_IMPLEMENTATIONS = YES;
				CLANG_WARN_DIRECT_OBJC_ISA_USAGE = YES_ERROR;
				CLANG_WARN_EMPTY_BODY = YES;
				CLANG_WARN_ENUM_CONVERSION = YES;
				CLANG_WARN_INFINITE_RECURSION = YES;
				CLANG_WARN_INT_CONVERSION = YES;
				CLANG_WARN_NON_LITERAL_NULL_CONVERSION = YES;
				CLANG_WARN_OBJC_IMPLICIT_RETAIN_SELF = YES;
				CLANG_WARN_OBJC_LITERAL_CONVERSION = YES;
				CLANG_WARN_OBJC_ROOT_CLASS = YES_ERROR;
				CLANG_WARN_RANGE_LOOP_ANALYSIS = YES;
				CLANG_WARN_STRICT_PROTOTYPES = YES;
				CLANG_WARN_SUSPICIOUS_MOVE = YES;
				CLANG_WARN_UNREACHABLE_CODE = YES;
				CLANG_WARN__DUPLICATE_METHOD_MATCH = YES;
				"CODE_SIGN_IDENTITY[sdk=iphoneos*]" = "iPhone Developer";
				COPY_PHASE_STRIP = YES;
				ENABLE_NS_ASSERTIONS = NO;
				ENABLE_STRICT_OBJC_MSGSEND = YES;
				"EXCLUDED_ARCHS[sdk=iphonesimulator*]" = i386;
				GCC_C_LANGUAGE_STANDARD = gnu99;
				GCC_NO_COMMON_BLOCKS = YES;
				GCC_WARN_64_TO_32_BIT_CONVERSION = YES;
				GCC_WARN_ABOUT_RETURN_TYPE = YES_ERROR;
				GCC_WARN_UNDECLARED_SELECTOR = YES;
				GCC_WARN_UNINITIALIZED_AUTOS = YES_AGGRESSIVE;
				GCC_WARN_UNUSED_FUNCTION = YES;
				GCC_WARN_UNUSED_VARIABLE = YES;
				IPHONEOS_DEPLOYMENT_TARGET = 13.0;
				MTL_ENABLE_DEBUG_INFO = NO;
				OTHER_CPLUSPLUSFLAGS = (
					"$(OTHER_CFLAGS)",
					"-DFOLLY_MOBILE=1",
					"-DFOLLY_NO_CONFIG",
					"-DFOLLY_USE_LIBCPP=1",
					"-fcxx-modules",
					"-fmodules",
				);
				REACT_NATIVE_PATH = "${PODS_ROOT}/../../node_modules/react-native";
				SDKROOT = iphoneos;
				SWIFT_COMPILATION_MODE = wholemodule;
				VALIDATE_PRODUCT = YES;
			};
			name = Release;
		};
/* End XCBuildConfiguration section */

/* Begin XCConfigurationList section */
		13B07F931A680F5B00A75B9A /* Build configuration list for PBXNativeTarget "Comm" */ = {
			isa = XCConfigurationList;
			buildConfigurations = (
				13B07F941A680F5B00A75B9A /* Debug */,
				13B07F951A680F5B00A75B9A /* Release */,
			);
			defaultConfigurationIsVisible = 0;
			defaultConfigurationName = Release;
		};
		713EE40F26C6676B003D7C48 /* Build configuration list for PBXNativeTarget "CommTests" */ = {
			isa = XCConfigurationList;
			buildConfigurations = (
				713EE40D26C6676B003D7C48 /* Debug */,
				713EE40E26C6676B003D7C48 /* Release */,
			);
			defaultConfigurationIsVisible = 0;
			defaultConfigurationName = Release;
		};
		724995DD27B4103A00323FCE /* Build configuration list for PBXNativeTarget "NotificationService" */ = {
			isa = XCConfigurationList;
			buildConfigurations = (
				724995DB27B4103A00323FCE /* Debug */,
				724995DC27B4103A00323FCE /* Release */,
			);
			defaultConfigurationIsVisible = 0;
			defaultConfigurationName = Release;
		};
		83CBB9FA1A601CBA00E9B192 /* Build configuration list for PBXProject "Comm" */ = {
			isa = XCConfigurationList;
			buildConfigurations = (
				83CBBA201A601CBA00E9B192 /* Debug */,
				83CBBA211A601CBA00E9B192 /* Release */,
			);
			defaultConfigurationIsVisible = 0;
			defaultConfigurationName = Release;
		};
/* End XCConfigurationList section */
	};
	rootObject = 83CBB9F71A601CBA00E9B192 /* Project object */;
}
