PODS:
  - 1PasswordExtension (1.8.5)
  - boost-for-react-native (1.63.0)
  - DoubleConversion (1.1.6)
  - Folly (2018.10.22.00):
    - boost-for-react-native
    - DoubleConversion
    - Folly/Default (= 2018.10.22.00)
    - glog
  - Folly/Default (2018.10.22.00):
    - boost-for-react-native
    - DoubleConversion
    - glog
  - glog (0.3.5)
  - libwebp (1.0.3):
    - libwebp/demux (= 1.0.3)
    - libwebp/mux (= 1.0.3)
    - libwebp/webp (= 1.0.3)
  - libwebp/demux (1.0.3):
    - libwebp/webp
  - libwebp/mux (1.0.3):
    - libwebp/demux
  - libwebp/webp (1.0.3)
  - lottie-ios (3.1.3)
  - lottie-react-native (3.2.1):
    - lottie-ios (~> 3.1.3)
    - React
  - React (0.60.6):
    - React-Core (= 0.60.6)
    - React-DevSupport (= 0.60.6)
    - React-RCTActionSheet (= 0.60.6)
    - React-RCTAnimation (= 0.60.6)
    - React-RCTBlob (= 0.60.6)
    - React-RCTImage (= 0.60.6)
    - React-RCTLinking (= 0.60.6)
    - React-RCTNetwork (= 0.60.6)
    - React-RCTSettings (= 0.60.6)
    - React-RCTText (= 0.60.6)
    - React-RCTVibration (= 0.60.6)
    - React-RCTWebSocket (= 0.60.6)
  - React-ART (0.60.6):
    - React-Core (= 0.60.6)
  - React-Core (0.60.6):
    - Folly (= 2018.10.22.00)
    - React-cxxreact (= 0.60.6)
    - React-jsiexecutor (= 0.60.6)
    - yoga (= 0.60.6.React)
  - React-cxxreact (0.60.6):
    - boost-for-react-native (= 1.63.0)
    - DoubleConversion
    - Folly (= 2018.10.22.00)
    - glog
    - React-jsinspector (= 0.60.6)
  - React-DevSupport (0.60.6):
    - React-Core (= 0.60.6)
    - React-RCTWebSocket (= 0.60.6)
  - React-jsi (0.60.6):
    - boost-for-react-native (= 1.63.0)
    - DoubleConversion
    - Folly (= 2018.10.22.00)
    - glog
    - React-jsi/Default (= 0.60.6)
  - React-jsi/Default (0.60.6):
    - boost-for-react-native (= 1.63.0)
    - DoubleConversion
    - Folly (= 2018.10.22.00)
    - glog
  - React-jsiexecutor (0.60.6):
    - DoubleConversion
    - Folly (= 2018.10.22.00)
    - glog
    - React-cxxreact (= 0.60.6)
    - React-jsi (= 0.60.6)
  - React-jsinspector (0.60.6)
  - react-native-appearance (0.1.0):
    - React
  - react-native-cameraroll (1.2.1):
    - React
  - react-native-image-resizer (1.0.1):
    - React
  - react-native-in-app-message (1.0.2):
    - React
  - react-native-keyboard-input (5.3.1):
    - React
    - react-native-keyboard-tracking-view
  - react-native-keyboard-tracking-view (5.5.0):
    - React
  - react-native-netinfo (4.4.0):
    - React
  - react-native-notifications (1.1.19):
    - React
  - react-native-onepassword (1.0.6):
    - 1PasswordExtension
    - React
  - react-native-orientation-locker (1.1.6):
    - React
  - react-native-splash-screen (3.2.0):
    - React
  - React-RCTActionSheet (0.60.6):
    - React-Core (= 0.60.6)
  - React-RCTAnimation (0.60.6):
    - React-Core (= 0.60.6)
  - React-RCTBlob (0.60.6):
    - React-Core (= 0.60.6)
    - React-RCTNetwork (= 0.60.6)
    - React-RCTWebSocket (= 0.60.6)
  - React-RCTImage (0.60.6):
    - React-Core (= 0.60.6)
    - React-RCTNetwork (= 0.60.6)
  - React-RCTLinking (0.60.6):
    - React-Core (= 0.60.6)
  - React-RCTNetwork (0.60.6):
    - React-Core (= 0.60.6)
  - React-RCTSettings (0.60.6):
    - React-Core (= 0.60.6)
  - React-RCTText (0.60.6):
    - React-Core (= 0.60.6)
  - React-RCTVibration (0.60.6):
    - React-Core (= 0.60.6)
  - React-RCTWebSocket (0.60.6):
    - React-Core (= 0.60.6)
  - RNCAsyncStorage (1.6.2):
    - React
  - RNExitApp (1.1.0):
    - React
  - RNFastImage (7.0.2):
    - React
    - SDWebImage (~> 5.0)
    - SDWebImageWebPCoder (~> 0.2.3)
  - RNFS (2.14.1):
    - React
  - RNGestureHandler (1.4.1):
    - React
  - RNKeychain (4.0.1):
    - React
  - RNReanimated (1.3.0):
    - React
  - RNScreens (1.0.0-alpha.17):
    - React
  - RNVectorIcons (6.6.0):
    - React
  - SDWebImage (5.1.1):
    - SDWebImage/Core (= 5.1.1)
  - SDWebImage/Core (5.1.1)
  - SDWebImageWebPCoder (0.2.4):
    - libwebp (~> 1.0)
    - SDWebImage/Core (~> 5.0)
  - yoga (0.60.6.React)

DEPENDENCIES:
  - DoubleConversion (from `../../node_modules/react-native/third-party-podspecs/DoubleConversion.podspec`)
  - Folly (from `../../node_modules/react-native/third-party-podspecs/Folly.podspec`)
  - glog (from `../../node_modules/react-native/third-party-podspecs/glog.podspec`)
  - lottie-ios (from `../../node_modules/lottie-ios`)
  - lottie-react-native (from `../../node_modules/lottie-react-native`)
  - React (from `../../node_modules/react-native/`)
  - React-ART (from `../../node_modules/react-native/Libraries/ART`)
  - React-Core (from `../../node_modules/react-native/React`)
  - React-cxxreact (from `../../node_modules/react-native/ReactCommon/cxxreact`)
  - React-DevSupport (from `../../node_modules/react-native/React`)
  - React-jsi (from `../../node_modules/react-native/ReactCommon/jsi`)
  - React-jsiexecutor (from `../../node_modules/react-native/ReactCommon/jsiexecutor`)
  - React-jsinspector (from `../../node_modules/react-native/ReactCommon/jsinspector`)
  - react-native-appearance (from `../../node_modules/react-native-appearance`)
  - "react-native-cameraroll (from `../../node_modules/@react-native-community/cameraroll`)"
  - react-native-image-resizer (from `../../node_modules/react-native-image-resizer`)
  - react-native-in-app-message (from `../../node_modules/react-native-in-app-message`)
  - react-native-keyboard-input (from `../../node_modules/react-native-keyboard-input`)
  - react-native-keyboard-tracking-view (from `../../node_modules/react-native-keyboard-tracking-view`)
  - "react-native-netinfo (from `../../node_modules/@react-native-community/netinfo`)"
  - react-native-notifications (from `../../node_modules/react-native-notifications`)
  - react-native-onepassword (from `../../node_modules/react-native-onepassword`)
  - react-native-orientation-locker (from `../../node_modules/react-native-orientation-locker`)
  - react-native-splash-screen (from `../../node_modules/react-native-splash-screen`)
  - React-RCTActionSheet (from `../../node_modules/react-native/Libraries/ActionSheetIOS`)
  - React-RCTAnimation (from `../../node_modules/react-native/Libraries/NativeAnimation`)
  - React-RCTBlob (from `../../node_modules/react-native/Libraries/Blob`)
  - React-RCTImage (from `../../node_modules/react-native/Libraries/Image`)
  - React-RCTLinking (from `../../node_modules/react-native/Libraries/LinkingIOS`)
  - React-RCTNetwork (from `../../node_modules/react-native/Libraries/Network`)
  - React-RCTSettings (from `../../node_modules/react-native/Libraries/Settings`)
  - React-RCTText (from `../../node_modules/react-native/Libraries/Text`)
  - React-RCTVibration (from `../../node_modules/react-native/Libraries/Vibration`)
  - React-RCTWebSocket (from `../../node_modules/react-native/Libraries/WebSocket`)
  - "RNCAsyncStorage (from `../../node_modules/@react-native-community/async-storage`)"
  - RNExitApp (from `../../node_modules/react-native-exit-app`)
  - RNFastImage (from `../../node_modules/react-native-fast-image`)
  - RNFS (from `../../node_modules/react-native-fs`)
  - RNGestureHandler (from `../../node_modules/react-native-gesture-handler`)
  - RNKeychain (from `../../node_modules/react-native-keychain`)
  - RNReanimated (from `../../node_modules/react-native-reanimated`)
  - RNScreens (from `../../node_modules/react-native-screens`)
  - RNVectorIcons (from `../../node_modules/react-native-vector-icons`)
  - yoga (from `../../node_modules/react-native/ReactCommon/yoga`)

SPEC REPOS:
  https://github.com/cocoapods/specs.git:
    - 1PasswordExtension
    - boost-for-react-native
    - libwebp
    - SDWebImage
    - SDWebImageWebPCoder

EXTERNAL SOURCES:
  DoubleConversion:
    :podspec: "../../node_modules/react-native/third-party-podspecs/DoubleConversion.podspec"
  Folly:
    :podspec: "../../node_modules/react-native/third-party-podspecs/Folly.podspec"
  glog:
    :podspec: "../../node_modules/react-native/third-party-podspecs/glog.podspec"
  lottie-ios:
    :path: "../../node_modules/lottie-ios"
  lottie-react-native:
    :path: "../../node_modules/lottie-react-native"
  React:
    :path: "../../node_modules/react-native/"
  React-ART:
    :path: "../../node_modules/react-native/Libraries/ART"
  React-Core:
    :path: "../../node_modules/react-native/React"
  React-cxxreact:
    :path: "../../node_modules/react-native/ReactCommon/cxxreact"
  React-DevSupport:
    :path: "../../node_modules/react-native/React"
  React-jsi:
    :path: "../../node_modules/react-native/ReactCommon/jsi"
  React-jsiexecutor:
    :path: "../../node_modules/react-native/ReactCommon/jsiexecutor"
  React-jsinspector:
    :path: "../../node_modules/react-native/ReactCommon/jsinspector"
  react-native-appearance:
    :path: "../../node_modules/react-native-appearance"
  react-native-cameraroll:
    :path: "../../node_modules/@react-native-community/cameraroll"
  react-native-image-resizer:
    :path: "../../node_modules/react-native-image-resizer"
  react-native-in-app-message:
    :path: "../../node_modules/react-native-in-app-message"
  react-native-keyboard-input:
    :path: "../../node_modules/react-native-keyboard-input"
  react-native-keyboard-tracking-view:
    :path: "../../node_modules/react-native-keyboard-tracking-view"
  react-native-netinfo:
    :path: "../../node_modules/@react-native-community/netinfo"
  react-native-notifications:
    :path: "../../node_modules/react-native-notifications"
  react-native-onepassword:
    :path: "../../node_modules/react-native-onepassword"
  react-native-orientation-locker:
    :path: "../../node_modules/react-native-orientation-locker"
  react-native-splash-screen:
    :path: "../../node_modules/react-native-splash-screen"
  React-RCTActionSheet:
    :path: "../../node_modules/react-native/Libraries/ActionSheetIOS"
  React-RCTAnimation:
    :path: "../../node_modules/react-native/Libraries/NativeAnimation"
  React-RCTBlob:
    :path: "../../node_modules/react-native/Libraries/Blob"
  React-RCTImage:
    :path: "../../node_modules/react-native/Libraries/Image"
  React-RCTLinking:
    :path: "../../node_modules/react-native/Libraries/LinkingIOS"
  React-RCTNetwork:
    :path: "../../node_modules/react-native/Libraries/Network"
  React-RCTSettings:
    :path: "../../node_modules/react-native/Libraries/Settings"
  React-RCTText:
    :path: "../../node_modules/react-native/Libraries/Text"
  React-RCTVibration:
    :path: "../../node_modules/react-native/Libraries/Vibration"
  React-RCTWebSocket:
    :path: "../../node_modules/react-native/Libraries/WebSocket"
  RNCAsyncStorage:
    :path: "../../node_modules/@react-native-community/async-storage"
  RNExitApp:
    :path: "../../node_modules/react-native-exit-app"
  RNFastImage:
    :path: "../../node_modules/react-native-fast-image"
  RNFS:
    :path: "../../node_modules/react-native-fs"
  RNGestureHandler:
    :path: "../../node_modules/react-native-gesture-handler"
  RNKeychain:
    :path: "../../node_modules/react-native-keychain"
  RNReanimated:
    :path: "../../node_modules/react-native-reanimated"
  RNScreens:
    :path: "../../node_modules/react-native-screens"
  RNVectorIcons:
    :path: "../../node_modules/react-native-vector-icons"
  yoga:
    :path: "../../node_modules/react-native/ReactCommon/yoga"

SPEC CHECKSUMS:
  1PasswordExtension: 0e95bdea64ec8ff2f4f693be5467a09fac42a83d
  boost-for-react-native: 39c7adb57c4e60d6c5479dd8623128eb5b3f0f2c
  DoubleConversion: 5805e889d232975c086db112ece9ed034df7a0b2
  Folly: 30e7936e1c45c08d884aa59369ed951a8e68cf51
  glog: 1f3da668190260b06b429bb211bfbee5cd790c28
  libwebp: 057912d6d0abfb6357d8bb05c0ea470301f5d61e
  lottie-ios: 496ac5cea1bbf1a7bd1f1f472f3232eb1b8d744b
  lottie-react-native: b123a79529cc732201091f585c62c89bb4747252
  React: 68e7f8dfc27729eade18423072a143120f2f32ab
  React-ART: b5b51652ddd2096f23c3c045ce4f4309b2aafcf6
  React-Core: fc9dace551f6c8c1007dd2d3cb1bc10c90a01d3e
  React-cxxreact: abe59014fce932d41a08bf1aa5dcad9ca8f0a2c5
  React-DevSupport: b0da2fd9ad4ffb25561bf2a328ab84f78f871bdd
  React-jsi: 1a4248256b96fa453536a8dafe11b784e24e789d
  React-jsiexecutor: 2279e559b921d02dfc6253ebef3dcb3a9dc6c07e
  React-jsinspector: a58b86545a0185f69768e78ac96ca9fe43fa3694
  react-native-appearance: 309901290a0aab9ec4bc60ff2c3f94e6aae0267a
  react-native-cameraroll: 3e5e34d36d93548ae7770ee8ab7b2ae9e778f571
  react-native-image-resizer: 48eb06a18a6d0a632ffa162a51ca61a68fb5322f
  react-native-in-app-message: f91de5009620af01456531118264c93e249b83ec
  react-native-keyboard-input: 83520632cab76a827bdf1db0aa1c87a047f7c18b
  react-native-keyboard-tracking-view: bf1f758a529e1e87f8a76044414b168251d59d37
  react-native-netinfo: 6bb847e64f45a2d69c6173741111cfd95c669301
  react-native-notifications: bb042206ac7eab9323d528c780b3d6fe796c1f5e
  react-native-onepassword: 5b2b7f425f9db40932703e65d350b78cbc598047
  react-native-orientation-locker: 23918c400376a7043e752c639c122fcf6bce8f1c
  react-native-splash-screen: 200d11d188e2e78cea3ad319964f6142b6384865
  React-RCTActionSheet: 49f6a67a7efa6688f637296383d453b97ef13645
  React-RCTAnimation: e8047438b2927ebbe630bbf600c7309374075df3
  React-RCTBlob: 2c4b28daca5b3e6e356706d8e0c7436a0e8ef492
  React-RCTImage: 273501f0529775962551613259c20ccdf1a87cd2
  React-RCTLinking: 76c88b3cc98657915a2ba2f20d208e44d0530a43
  React-RCTNetwork: 77c11e672ccdcc33da5d047705f100b016497b15
  React-RCTSettings: f727c25ad26a8a9bd7272a8ba93781bd1f53952a
  React-RCTText: d91537e29e38dc69cf09cbca0875cf5dc7402da6
  React-RCTVibration: 7655d72dfb919dd6d8e135ca108a5a2bd9fcd7b4
  React-RCTWebSocket: 7cd2c8d0f8ddd680dc76404defba7ab1f56b83af
  RNCAsyncStorage: 60a80e72d95bf02a01cace55d3697d9724f0d77f
  RNExitApp: c4e052df2568b43bec8a37c7cd61194d4cfee2c3
  RNFastImage: 9b0c22643872bb7494c8d87bbbb66cc4c0d9e7a2
  RNFS: a8fbe7060fa49157d819466404794ad9c58e58cf
  RNGestureHandler: 4cb47a93019c1a201df2644413a0a1569a51c8aa
  RNKeychain: 45dbd50d1ac4bd42c3740f76ffb135abf05746d0
  RNReanimated: 6abbbae2e5e72609d85aabd92a982a94566885f1
  RNScreens: 000c9e6e31c9a483688943155107e4ca9394d37a
  RNVectorIcons: 0bb4def82230be1333ddaeee9fcba45f0b288ed4
  SDWebImage: 96d7f03415ccb28d299d765f93557ff8a617abd8
  SDWebImageWebPCoder: cc72085bb20368b2f8dbb21b7e355c667e1309b7
  yoga: 5079887aa3e4c62142d6bcee493022643ee4d730

PODFILE CHECKSUM: 7292900a639369e9530fcdd5b003e1b768d4dd0e

COCOAPODS: 1.7.5
