PODS:
  - 1PasswordExtension (1.8.5)
  - boost-for-react-native (1.63.0)
  - DoubleConversion (1.1.6)
  - FLAnimatedImage (1.0.12)
  - Folly (2018.10.22.00):
    - boost-for-react-native
    - DoubleConversion
    - glog
  - glog (0.3.5)
  - libwebp (1.0.2):
    - libwebp/core (= 1.0.2)
    - libwebp/dec (= 1.0.2)
    - libwebp/demux (= 1.0.2)
    - libwebp/dsp (= 1.0.2)
    - libwebp/enc (= 1.0.2)
    - libwebp/mux (= 1.0.2)
    - libwebp/utils (= 1.0.2)
    - libwebp/webp (= 1.0.2)
  - libwebp/core (1.0.2):
    - libwebp/webp
  - libwebp/dec (1.0.2):
    - libwebp/core
  - libwebp/demux (1.0.2):
    - libwebp/core
  - libwebp/dsp (1.0.2):
    - libwebp/core
  - libwebp/enc (1.0.2):
    - libwebp/core
  - libwebp/mux (1.0.2):
    - libwebp/core
  - libwebp/utils (1.0.2):
    - libwebp/core
  - libwebp/webp (1.0.2)
  - lottie-ios (2.5.3)
  - lottie-react-native (2.6.1):
    - lottie-ios (~> 2.5.0)
    - React
  - React (0.59.4):
    - React/Core (= 0.59.4)
  - react-native-async-storage (1.3.0):
    - React
  - react-native-cameraroll (1.0.4):
    - React
  - react-native-exit-app (0.1.0):
    - React
  - react-native-fast-image (5.2.0):
    - FLAnimatedImage
    - React
    - SDWebImage/Core
    - SDWebImage/GIF
    - SDWebImage/WebP
  - react-native-keyboard-input (5.3.1):
    - React
    - react-native-keyboard-tracking-view
  - react-native-keyboard-tracking-view (5.5.0):
    - React
  - react-native-netinfo (2.0.0):
    - React
  - react-native-notifications (1.1.19):
    - React
  - react-native-onepassword (1.0.6):
    - 1PasswordExtension
    - React
  - react-native-orientation-locker (1.1.5):
    - React
  - react-native-splash-screen (3.1.1):
    - React
  - React/Core (0.59.4):
    - yoga (= 0.59.4.React)
  - React/CxxBridge (0.59.4):
    - Folly (= 2018.10.22.00)
    - React/Core
    - React/cxxreact
    - React/jsiexecutor
  - React/cxxreact (0.59.4):
    - boost-for-react-native (= 1.63.0)
    - DoubleConversion
    - Folly (= 2018.10.22.00)
    - glog
    - React/jsinspector
  - React/DevSupport (0.59.4):
    - React/Core
    - React/RCTWebSocket
  - React/fishhook (0.59.4)
  - React/jsi (0.59.4):
    - DoubleConversion
    - Folly (= 2018.10.22.00)
    - glog
  - React/jsiexecutor (0.59.4):
    - DoubleConversion
    - Folly (= 2018.10.22.00)
    - glog
    - React/cxxreact
    - React/jsi
  - React/jsinspector (0.59.4)
  - React/RCTAnimation (0.59.4):
    - React/Core
  - React/RCTBlob (0.59.4):
    - React/Core
  - React/RCTCameraRoll (0.59.4):
    - React/Core
    - React/RCTImage
  - React/RCTImage (0.59.4):
    - React/Core
    - React/RCTNetwork
  - React/RCTLinkingIOS (0.59.4):
    - React/Core
  - React/RCTNetwork (0.59.4):
    - React/Core
  - React/RCTText (0.59.4):
    - React/Core
  - React/RCTWebSocket (0.59.4):
    - React/Core
    - React/fishhook
    - React/RCTBlob
  - RNGestureHandler (1.1.0):
    - React
  - RNKeychain (3.0.0):
    - React
  - RNReanimated (1.0.1):
    - React
  - RNScreens (1.0.0-alpha.17):
    - React
  - RNVectorIcons (4.6.0):
    - React
  - SDWebImage/Core (4.4.6)
  - SDWebImage/GIF (4.4.6):
    - FLAnimatedImage (~> 1.0)
    - SDWebImage/Core
  - SDWebImage/WebP (4.4.6):
    - libwebp (>= 0.5)
    - SDWebImage/Core
  - yoga (0.59.4.React)

DEPENDENCIES:
  - DoubleConversion (from `../../node_modules/react-native/third-party-podspecs/DoubleConversion.podspec`)
  - Folly (from `../../node_modules/react-native/third-party-podspecs/Folly.podspec`)
  - glog (from `../../node_modules/react-native/third-party-podspecs/glog.podspec`)
  - lottie-react-native (from `../../node_modules/lottie-react-native`)
  - "react-native-async-storage (from `../../node_modules/@react-native-community/async-storage`)"
  - "react-native-cameraroll (from `../../node_modules/@react-native-community/cameraroll`)"
  - react-native-exit-app (from `../../node_modules/react-native-exit-app`)
  - react-native-fast-image (from `../../node_modules/react-native-fast-image`)
  - react-native-keyboard-input (from `../../node_modules/react-native-keyboard-input`)
  - react-native-keyboard-tracking-view (from `../../node_modules/react-native-keyboard-tracking-view`)
  - "react-native-netinfo (from `../../node_modules/@react-native-community/netinfo`)"
  - react-native-notifications (from `../../node_modules/react-native-notifications`)
  - react-native-onepassword (from `../../node_modules/react-native-onepassword`)
  - react-native-orientation-locker (from `../../node_modules/react-native-orientation-locker`)
  - react-native-splash-screen (from `../../node_modules/react-native-splash-screen`)
  - React/Core (from `../../node_modules/react-native`)
  - React/CxxBridge (from `../../node_modules/react-native`)
  - React/DevSupport (from `../../node_modules/react-native`)
  - React/RCTAnimation (from `../../node_modules/react-native`)
  - React/RCTCameraRoll (from `../../node_modules/react-native`)
  - React/RCTImage (from `../../node_modules/react-native`)
  - React/RCTLinkingIOS (from `../../node_modules/react-native`)
  - React/RCTNetwork (from `../../node_modules/react-native`)
  - React/RCTText (from `../../node_modules/react-native`)
  - React/RCTWebSocket (from `../../node_modules/react-native`)
  - RNGestureHandler (from `../../node_modules/react-native-gesture-handler`)
  - RNKeychain (from `../../node_modules/react-native-keychain`)
  - RNReanimated (from `../../node_modules/react-native-reanimated`)
  - RNScreens (from `../../node_modules/react-native-screens`)
  - RNVectorIcons (from `../../node_modules/react-native-vector-icons`)
  - yoga (from `../../node_modules/react-native/ReactCommon/yoga`)

SPEC REPOS:
  https://github.com/cocoapods/specs.git:
    - 1PasswordExtension
    - boost-for-react-native
    - FLAnimatedImage
    - libwebp
    - lottie-ios
    - SDWebImage

EXTERNAL SOURCES:
  DoubleConversion:
    :podspec: "../../node_modules/react-native/third-party-podspecs/DoubleConversion.podspec"
  Folly:
    :podspec: "../../node_modules/react-native/third-party-podspecs/Folly.podspec"
  glog:
    :podspec: "../../node_modules/react-native/third-party-podspecs/glog.podspec"
  lottie-react-native:
    :path: "../../node_modules/lottie-react-native"
  React:
    :path: "../../node_modules/react-native"
  react-native-async-storage:
    :path: "../../node_modules/@react-native-community/async-storage"
  react-native-cameraroll:
    :path: "../../node_modules/@react-native-community/cameraroll"
  react-native-exit-app:
    :path: "../../node_modules/react-native-exit-app"
  react-native-fast-image:
    :path: "../../node_modules/react-native-fast-image"
  react-native-keyboard-input:
    :path: "../../node_modules/react-native-keyboard-input"
  react-native-keyboard-tracking-view:
    :path: "../../node_modules/react-native-keyboard-tracking-view"
  react-native-netinfo:
    :path: "../../node_modules/@react-native-community/netinfo"
  react-native-notifications:
    :path: "../../node_modules/react-native-notifications"
  react-native-onepassword:
    :path: "../../node_modules/react-native-onepassword"
  react-native-orientation-locker:
    :path: "../../node_modules/react-native-orientation-locker"
  react-native-splash-screen:
    :path: "../../node_modules/react-native-splash-screen"
  RNGestureHandler:
    :path: "../../node_modules/react-native-gesture-handler"
  RNKeychain:
    :path: "../../node_modules/react-native-keychain"
  RNReanimated:
    :path: "../../node_modules/react-native-reanimated"
  RNScreens:
    :path: "../../node_modules/react-native-screens"
  RNVectorIcons:
    :path: "../../node_modules/react-native-vector-icons"
  yoga:
    :path: "../../node_modules/react-native/ReactCommon/yoga"

SPEC CHECKSUMS:
  1PasswordExtension: 0e95bdea64ec8ff2f4f693be5467a09fac42a83d
  boost-for-react-native: 39c7adb57c4e60d6c5479dd8623128eb5b3f0f2c
  DoubleConversion: bb338842f62ab1d708ceb63ec3d999f0f3d98ecd
  FLAnimatedImage: 4a0b56255d9b05f18b6dd7ee06871be5d3b89e31
  Folly: de497beb10f102453a1afa9edbf8cf8a251890de
  glog: aefd1eb5dda2ab95ba0938556f34b98e2da3a60d
  libwebp: b068a3bd7c45f7460f6715be7bed1a18fd5d6b48
  lottie-ios: a50d5c0160425cd4b01b852bb9578963e6d92d31
  lottie-react-native: 3d8181d43619b1fe804c828bd5a09d20fe8bdea7
  React: 5cb71fb1a15b5ce04794ab49e24b48ebe4c94e65
  react-native-async-storage: 6aa3086d7b4f45e49adc8e087b4a03e47279aa1b
  react-native-cameraroll: 63207a7daac2786786b301545a709c19f285aec6
  react-native-exit-app: 3f9b8c2f2071f7e51fba21dfac9fc235c1764e84
  react-native-fast-image: 21d2d84a46b12cacbe7958ab6414fe828c094f82
  react-native-keyboard-input: 83520632cab76a827bdf1db0aa1c87a047f7c18b
  react-native-keyboard-tracking-view: bf1f758a529e1e87f8a76044414b168251d59d37
  react-native-netinfo: d6ff19d6b0fff3c617d01949f87e9976e7ecc9a9
  react-native-notifications: bb042206ac7eab9323d528c780b3d6fe796c1f5e
  react-native-onepassword: 5b2b7f425f9db40932703e65d350b78cbc598047
  react-native-orientation-locker: 132a63bab4dddd2a5709f6f7935ad9676b0af7c5
  react-native-splash-screen: 353334c5ae82d8c74501ea7cbb916cb7cb20c8bf
  RNGestureHandler: 8a75e1d2f83d73aba148653252953e4bcf363b98
  RNKeychain: 3aa3cf891a09a0d18d306862ab2bb9e106079b24
  RNReanimated: c8dd490ca98a4edcba229bfa49f2516c95a43afb
  RNScreens: 000c9e6e31c9a483688943155107e4ca9394d37a
  RNVectorIcons: a3c395829c56e2cb054a0730126298bf805a2dca
  SDWebImage: 3f3f0c02f09798048c47a5ed0a13f17b063572d8
  yoga: 596e61c9b57751d08a22b07aba310dbd3e65ab75

PODFILE CHECKSUM: 4eb375e902364646a45875bc7e829aa6b00f5de5

COCOAPODS: 1.6.1
