// !$*UTF8*$!
{
	archiveVersion = 1;
	classes = {
	};
	objectVersion = 46;
	objects = {

/* Begin PBXBuildFile section */
		13B07FBC1A68108700A75B9A /* AppDelegate.mm in Sources */ = {isa = PBXBuildFile; fileRef = 13B07FB01A68108700A75B9A /* AppDelegate.mm */; };
		13B07FBF1A68108700A75B9A /* Images.xcassets in Resources */ = {isa = PBXBuildFile; fileRef = 13B07FB51A68108700A75B9A /* Images.xcassets */; };
		13B07FC11A68108700A75B9A /* main.m in Sources */ = {isa = PBXBuildFile; fileRef = 13B07FB71A68108700A75B9A /* main.m */; };
		54B457A7302F03F835EC5D92 /* libPods-SquadCal.a in Frameworks */ = {isa = PBXBuildFile; fileRef = A75435FBAC0720E8BE857F55 /* libPods-SquadCal.a */; };
		711B408425DA97F9005F8F06 /* dummy.swift in Sources */ = {isa = PBXBuildFile; fileRef = 7F26E81B24440D87004049C6 /* dummy.swift */; };
		7173BEB22627035D0089BF7A /* NativeModules.cpp in Sources */ = {isa = PBXBuildFile; fileRef = 7173BE9F2627035D0089BF7A /* NativeModules.cpp */; };
		7173BEB32627035D0089BF7A /* CommCoreModule.cpp in Sources */ = {isa = PBXBuildFile; fileRef = 7173BEA02627035D0089BF7A /* CommCoreModule.cpp */; };
		7173BEB62627035D0089BF7A /* SQLiteManager.cpp in Sources */ = {isa = PBXBuildFile; fileRef = 7173BEAA2627035D0089BF7A /* SQLiteManager.cpp */; };
		71CA4A64262DA8E500835C89 /* Logger.mm in Sources */ = {isa = PBXBuildFile; fileRef = 71CA4A63262DA8E500835C89 /* Logger.mm */; };
		71CA4AEC262F236100835C89 /* Tools.mm in Sources */ = {isa = PBXBuildFile; fileRef = 71CA4AEB262F236100835C89 /* Tools.mm */; };
		7F761E602201141E001B6FB7 /* JavaScriptCore.framework in Frameworks */ = {isa = PBXBuildFile; fileRef = 7F761E292201141E001B6FB7 /* JavaScriptCore.framework */; };
		7F788C2C248AA2140098F071 /* SplashScreen.storyboard in Resources */ = {isa = PBXBuildFile; fileRef = 7F788C2B248AA2130098F071 /* SplashScreen.storyboard */; };
		7FB58ABE1E7F6BD500B4C1B1 /* Anaheim-Regular.ttf in Resources */ = {isa = PBXBuildFile; fileRef = 7FB58ABB1E7F6BC600B4C1B1 /* Anaheim-Regular.ttf */; };
		7FB58AC01E7F6BD800B4C1B1 /* OpenSans-Regular.ttf in Resources */ = {isa = PBXBuildFile; fileRef = 7FB58ABC1E7F6BC600B4C1B1 /* OpenSans-Regular.ttf */; };
		7FB58AC21E7F6BDB00B4C1B1 /* OpenSans-Semibold.ttf in Resources */ = {isa = PBXBuildFile; fileRef = 7FB58ABD1E7F6BC600B4C1B1 /* OpenSans-Semibold.ttf */; };
/* End PBXBuildFile section */

/* Begin PBXFileReference section */
		008F07F21AC5B25A0029DE68 /* main.jsbundle */ = {isa = PBXFileReference; fileEncoding = 4; lastKnownFileType = text; path = main.jsbundle; sourceTree = "<group>"; };
		13B07F961A680F5B00A75B9A /* SquadCal.app */ = {isa = PBXFileReference; explicitFileType = wrapper.application; includeInIndex = 0; path = SquadCal.app; sourceTree = BUILT_PRODUCTS_DIR; };
		13B07FAF1A68108700A75B9A /* AppDelegate.h */ = {isa = PBXFileReference; fileEncoding = 4; lastKnownFileType = sourcecode.c.h; name = AppDelegate.h; path = SquadCal/AppDelegate.h; sourceTree = "<group>"; };
		13B07FB01A68108700A75B9A /* AppDelegate.mm */ = {isa = PBXFileReference; fileEncoding = 4; lastKnownFileType = sourcecode.cpp.objcpp; name = AppDelegate.mm; path = SquadCal/AppDelegate.mm; sourceTree = "<group>"; };
		13B07FB51A68108700A75B9A /* Images.xcassets */ = {isa = PBXFileReference; lastKnownFileType = folder.assetcatalog; name = Images.xcassets; path = SquadCal/Images.xcassets; sourceTree = "<group>"; };
		13B07FB61A68108700A75B9A /* Info.release.plist */ = {isa = PBXFileReference; fileEncoding = 4; lastKnownFileType = text.plist.xml; name = Info.release.plist; path = SquadCal/Info.release.plist; sourceTree = "<group>"; };
		13B07FB71A68108700A75B9A /* main.m */ = {isa = PBXFileReference; fileEncoding = 4; lastKnownFileType = sourcecode.c.objc; name = main.m; path = SquadCal/main.m; sourceTree = "<group>"; };
		47CCD255658AFBDBBBA0DFBA /* Pods-SquadCal.debug.xcconfig */ = {isa = PBXFileReference; includeInIndex = 1; lastKnownFileType = text.xcconfig; name = "Pods-SquadCal.debug.xcconfig"; path = "Target Support Files/Pods-SquadCal/Pods-SquadCal.debug.xcconfig"; sourceTree = "<group>"; };
		5D92D07F9695E31E05F88732 /* Pods-SquadCal.release.xcconfig */ = {isa = PBXFileReference; includeInIndex = 1; lastKnownFileType = text.xcconfig; name = "Pods-SquadCal.release.xcconfig"; path = "Target Support Files/Pods-SquadCal/Pods-SquadCal.release.xcconfig"; sourceTree = "<group>"; };
		711CF80E25DC096000A00FBD /* libFolly.a */ = {isa = PBXFileReference; explicitFileType = archive.ar; path = libFolly.a; sourceTree = BUILT_PRODUCTS_DIR; };
		7173BE9F2627035D0089BF7A /* NativeModules.cpp */ = {isa = PBXFileReference; fileEncoding = 4; lastKnownFileType = sourcecode.cpp.cpp; path = NativeModules.cpp; sourceTree = "<group>"; };
		7173BEA02627035D0089BF7A /* CommCoreModule.cpp */ = {isa = PBXFileReference; fileEncoding = 4; lastKnownFileType = sourcecode.cpp.cpp; path = CommCoreModule.cpp; sourceTree = "<group>"; };
		7173BEA12627035D0089BF7A /* NativeModules.h */ = {isa = PBXFileReference; fileEncoding = 4; lastKnownFileType = sourcecode.c.h; path = NativeModules.h; sourceTree = "<group>"; };
		7173BEA22627035D0089BF7A /* CommCoreModule.h */ = {isa = PBXFileReference; fileEncoding = 4; lastKnownFileType = sourcecode.c.h; path = CommCoreModule.h; sourceTree = "<group>"; };
		7173BEA92627035D0089BF7A /* DatabaseManagerInterface.h */ = {isa = PBXFileReference; fileEncoding = 4; lastKnownFileType = sourcecode.c.h; path = DatabaseManagerInterface.h; sourceTree = "<group>"; };
		7173BEAA2627035D0089BF7A /* SQLiteManager.cpp */ = {isa = PBXFileReference; fileEncoding = 4; lastKnownFileType = sourcecode.cpp.cpp; path = SQLiteManager.cpp; sourceTree = "<group>"; };
		7173BEAB2627035D0089BF7A /* SQLiteManager.h */ = {isa = PBXFileReference; fileEncoding = 4; lastKnownFileType = sourcecode.c.h; path = SQLiteManager.h; sourceTree = "<group>"; };
		7173BEAC2627035D0089BF7A /* DatabaseManager.h */ = {isa = PBXFileReference; fileEncoding = 4; lastKnownFileType = sourcecode.c.h; path = DatabaseManager.h; sourceTree = "<group>"; };
		7173BEAE2627035D0089BF7A /* Draft.h */ = {isa = PBXFileReference; fileEncoding = 4; lastKnownFileType = sourcecode.c.h; path = Draft.h; sourceTree = "<group>"; };
		7173BEB12627035D0089BF7A /* sqlite_orm.h */ = {isa = PBXFileReference; fileEncoding = 4; lastKnownFileType = sourcecode.c.h; path = sqlite_orm.h; sourceTree = "<group>"; };
		71CA4A49262D815E00835C89 /* Logger.h */ = {isa = PBXFileReference; fileEncoding = 4; lastKnownFileType = sourcecode.c.h; path = Logger.h; sourceTree = "<group>"; };
		71CA4A63262DA8E500835C89 /* Logger.mm */ = {isa = PBXFileReference; fileEncoding = 4; lastKnownFileType = sourcecode.cpp.objcpp; name = Logger.mm; path = SquadCal/Logger.mm; sourceTree = "<group>"; };
		71CA4AEA262F230A00835C89 /* Tools.h */ = {isa = PBXFileReference; lastKnownFileType = sourcecode.c.h; name = Tools.h; path = SquadCal/Tools.h; sourceTree = "<group>"; };
		71CA4AEB262F236100835C89 /* Tools.mm */ = {isa = PBXFileReference; lastKnownFileType = sourcecode.cpp.objcpp; name = Tools.mm; path = SquadCal/Tools.mm; sourceTree = "<group>"; };
		7F26E81B24440D87004049C6 /* dummy.swift */ = {isa = PBXFileReference; lastKnownFileType = sourcecode.swift; path = dummy.swift; sourceTree = "<group>"; };
		7F554F822332D58B007CB9F7 /* Info.debug.plist */ = {isa = PBXFileReference; fileEncoding = 4; lastKnownFileType = text.plist.xml; name = Info.debug.plist; path = SquadCal/Info.debug.plist; sourceTree = "<group>"; };
		7F761E292201141E001B6FB7 /* JavaScriptCore.framework */ = {isa = PBXFileReference; lastKnownFileType = wrapper.framework; name = JavaScriptCore.framework; path = System/Library/Frameworks/JavaScriptCore.framework; sourceTree = SDKROOT; };
		7F788C2B248AA2130098F071 /* SplashScreen.storyboard */ = {isa = PBXFileReference; fileEncoding = 4; lastKnownFileType = file.storyboard; path = SplashScreen.storyboard; sourceTree = "<group>"; };
		7FB58ABB1E7F6BC600B4C1B1 /* Anaheim-Regular.ttf */ = {isa = PBXFileReference; lastKnownFileType = file; path = "Anaheim-Regular.ttf"; sourceTree = "<group>"; };
		7FB58ABC1E7F6BC600B4C1B1 /* OpenSans-Regular.ttf */ = {isa = PBXFileReference; lastKnownFileType = file; path = "OpenSans-Regular.ttf"; sourceTree = "<group>"; };
		7FB58ABD1E7F6BC600B4C1B1 /* OpenSans-Semibold.ttf */ = {isa = PBXFileReference; lastKnownFileType = file; path = "OpenSans-Semibold.ttf"; sourceTree = "<group>"; };
		7FCEA2DC2444010B004017B1 /* SquadCal-Bridging-Header.h */ = {isa = PBXFileReference; lastKnownFileType = sourcecode.c.h; path = "SquadCal-Bridging-Header.h"; sourceTree = "<group>"; };
		7FCFD8BD1E81B8DF00629B0E /* SquadCal.entitlements */ = {isa = PBXFileReference; lastKnownFileType = text.plist.entitlements; name = SquadCal.entitlements; path = SquadCal/SquadCal.entitlements; sourceTree = "<group>"; };
		A75435FBAC0720E8BE857F55 /* libPods-SquadCal.a */ = {isa = PBXFileReference; explicitFileType = archive.ar; includeInIndex = 0; path = "libPods-SquadCal.a"; sourceTree = BUILT_PRODUCTS_DIR; };
/* End PBXFileReference section */

/* Begin PBXFrameworksBuildPhase section */
		13B07F8C1A680F5B00A75B9A /* Frameworks */ = {
			isa = PBXFrameworksBuildPhase;
			buildActionMask = 2147483647;
			files = (
				7F761E602201141E001B6FB7 /* JavaScriptCore.framework in Frameworks */,
				54B457A7302F03F835EC5D92 /* libPods-SquadCal.a in Frameworks */,
			);
			runOnlyForDeploymentPostprocessing = 0;
		};
/* End PBXFrameworksBuildPhase section */

/* Begin PBXGroup section */
		13B07FAE1A68108700A75B9A /* SquadCal */ = {
			isa = PBXGroup;
			children = (
				71CA4A63262DA8E500835C89 /* Logger.mm */,
				7F788C2B248AA2130098F071 /* SplashScreen.storyboard */,
				7FCFD8BD1E81B8DF00629B0E /* SquadCal.entitlements */,
				008F07F21AC5B25A0029DE68 /* main.jsbundle */,
				13B07FAF1A68108700A75B9A /* AppDelegate.h */,
				13B07FB01A68108700A75B9A /* AppDelegate.mm */,
				13B07FB51A68108700A75B9A /* Images.xcassets */,
				7F554F822332D58B007CB9F7 /* Info.debug.plist */,
				13B07FB61A68108700A75B9A /* Info.release.plist */,
				13B07FB71A68108700A75B9A /* main.m */,
				7FCEA2DC2444010B004017B1 /* SquadCal-Bridging-Header.h */,
				7F26E81B24440D87004049C6 /* dummy.swift */,
				71CA4AEA262F230A00835C89 /* Tools.h */,
				71CA4AEB262F236100835C89 /* Tools.mm */,
			);
			name = SquadCal;
			sourceTree = "<group>";
		};
		6534411766BE4CA4B0AB0A78 /* Resources */ = {
			isa = PBXGroup;
			children = (
				7FB58ABB1E7F6BC600B4C1B1 /* Anaheim-Regular.ttf */,
				7FB58ABC1E7F6BC600B4C1B1 /* OpenSans-Regular.ttf */,
				7FB58ABD1E7F6BC600B4C1B1 /* OpenSans-Semibold.ttf */,
			);
			name = Resources;
			sourceTree = "<group>";
		};
		7173BE9D2627035D0089BF7A /* CommonCpp */ = {
			isa = PBXGroup;
			children = (
				71CA4A48262D815E00835C89 /* Tools */,
				7173BE9E2627035D0089BF7A /* NativeModules */,
				7173BEA82627035D0089BF7A /* DatabaseManagers */,
				7173BEAF2627035D0089BF7A /* sqlite_orm */,
			);
			name = CommonCpp;
			path = ../CommonCpp;
			sourceTree = "<group>";
		};
		7173BE9E2627035D0089BF7A /* NativeModules */ = {
			isa = PBXGroup;
			children = (
				7173BE9F2627035D0089BF7A /* NativeModules.cpp */,
				7173BEA02627035D0089BF7A /* CommCoreModule.cpp */,
				7173BEA12627035D0089BF7A /* NativeModules.h */,
				7173BEA22627035D0089BF7A /* CommCoreModule.h */,
			);
			path = NativeModules;
			sourceTree = "<group>";
		};
		7173BEA82627035D0089BF7A /* DatabaseManagers */ = {
			isa = PBXGroup;
			children = (
				7173BEA92627035D0089BF7A /* DatabaseManagerInterface.h */,
				7173BEAA2627035D0089BF7A /* SQLiteManager.cpp */,
				7173BEAB2627035D0089BF7A /* SQLiteManager.h */,
				7173BEAC2627035D0089BF7A /* DatabaseManager.h */,
				7173BEAD2627035D0089BF7A /* entities */,
			);
			path = DatabaseManagers;
			sourceTree = "<group>";
		};
		7173BEAD2627035D0089BF7A /* entities */ = {
			isa = PBXGroup;
			children = (
				7173BEAE2627035D0089BF7A /* Draft.h */,
			);
			path = entities;
			sourceTree = "<group>";
		};
		7173BEAF2627035D0089BF7A /* sqlite_orm */ = {
			isa = PBXGroup;
			children = (
				7173BEB12627035D0089BF7A /* sqlite_orm.h */,
			);
			path = sqlite_orm;
			sourceTree = "<group>";
		};
		71CA4A48262D815E00835C89 /* Tools */ = {
			isa = PBXGroup;
			children = (
				71CA4A49262D815E00835C89 /* Logger.h */,
			);
			path = Tools;
			sourceTree = "<group>";
		};
		7FF0870B1E833C3F000A1ACF /* Frameworks */ = {
			isa = PBXGroup;
			children = (
				711CF80E25DC096000A00FBD /* libFolly.a */,
				7F761E292201141E001B6FB7 /* JavaScriptCore.framework */,
				A75435FBAC0720E8BE857F55 /* libPods-SquadCal.a */,
			);
			name = Frameworks;
			sourceTree = "<group>";
		};
		83CBB9F61A601CBA00E9B192 = {
			isa = PBXGroup;
			children = (
				7173BE9D2627035D0089BF7A /* CommonCpp */,
				13B07FAE1A68108700A75B9A /* SquadCal */,
				83CBBA001A601CBA00E9B192 /* Products */,
				6534411766BE4CA4B0AB0A78 /* Resources */,
				7FF0870B1E833C3F000A1ACF /* Frameworks */,
				D533B93718E3B9684B508006 /* Pods */,
			);
			indentWidth = 2;
			sourceTree = "<group>";
			tabWidth = 2;
		};
		83CBBA001A601CBA00E9B192 /* Products */ = {
			isa = PBXGroup;
			children = (
				13B07F961A680F5B00A75B9A /* SquadCal.app */,
			);
			name = Products;
			sourceTree = "<group>";
		};
		D533B93718E3B9684B508006 /* Pods */ = {
			isa = PBXGroup;
			children = (
				47CCD255658AFBDBBBA0DFBA /* Pods-SquadCal.debug.xcconfig */,
				5D92D07F9695E31E05F88732 /* Pods-SquadCal.release.xcconfig */,
			);
			path = Pods;
			sourceTree = "<group>";
		};
/* End PBXGroup section */

/* Begin PBXNativeTarget section */
		13B07F861A680F5B00A75B9A /* SquadCal */ = {
			isa = PBXNativeTarget;
			buildConfigurationList = 13B07F931A680F5B00A75B9A /* Build configuration list for PBXNativeTarget "SquadCal" */;
			buildPhases = (
				02DE093B3C1DDF10C1FA3E9C /* [CP] Check Pods Manifest.lock */,
				13B07F871A680F5B00A75B9A /* Sources */,
				13B07F8C1A680F5B00A75B9A /* Frameworks */,
				13B07F8E1A680F5B00A75B9A /* Resources */,
				00DD1BFF1BD5951E006B06BC /* Bundle React Native code and images */,
				DB38BFA0686C805CE44F051F /* [CP] Copy Pods Resources */,
				EA2E8897D838D7F3E680EACE /* [CP] Embed Pods Frameworks */,
			);
			buildRules = (
			);
			dependencies = (
			);
			name = SquadCal;
			productName = "Hello World";
			productReference = 13B07F961A680F5B00A75B9A /* SquadCal.app */;
			productType = "com.apple.product-type.application";
		};
/* End PBXNativeTarget section */

/* Begin PBXProject section */
		83CBB9F71A601CBA00E9B192 /* Project object */ = {
			isa = PBXProject;
			attributes = {
				LastUpgradeCheck = 1150;
				ORGANIZATIONNAME = SquadCal;
				TargetAttributes = {
					13B07F861A680F5B00A75B9A = {
						DevelopmentTeam = 6BF4H9TU5U;
						LastSwiftMigration = 1140;
						ProvisioningStyle = Automatic;
						SystemCapabilities = {
							com.apple.BackgroundModes = {
								enabled = 1;
							};
							com.apple.GameCenter = {
								enabled = 0;
							};
							com.apple.InAppPurchase = {
								enabled = 0;
							};
							com.apple.Keychain = {
								enabled = 1;
							};
							com.apple.Push = {
								enabled = 1;
							};
							com.apple.SafariKeychain = {
								enabled = 1;
							};
						};
					};
				};
			};
			buildConfigurationList = 83CBB9FA1A601CBA00E9B192 /* Build configuration list for PBXProject "SquadCal" */;
			compatibilityVersion = "Xcode 3.2";
			developmentRegion = English;
			hasScannedForEncodings = 0;
			knownRegions = (
				English,
				en,
				Base,
			);
			mainGroup = 83CBB9F61A601CBA00E9B192;
			productRefGroup = 83CBBA001A601CBA00E9B192 /* Products */;
			projectDirPath = "";
			projectRoot = "";
			targets = (
				13B07F861A680F5B00A75B9A /* SquadCal */,
			);
		};
/* End PBXProject section */

/* Begin PBXResourcesBuildPhase section */
		13B07F8E1A680F5B00A75B9A /* Resources */ = {
			isa = PBXResourcesBuildPhase;
			buildActionMask = 2147483647;
			files = (
				7FB58ABE1E7F6BD500B4C1B1 /* Anaheim-Regular.ttf in Resources */,
				13B07FBF1A68108700A75B9A /* Images.xcassets in Resources */,
				7FB58AC21E7F6BDB00B4C1B1 /* OpenSans-Semibold.ttf in Resources */,
				7F788C2C248AA2140098F071 /* SplashScreen.storyboard in Resources */,
				7FB58AC01E7F6BD800B4C1B1 /* OpenSans-Regular.ttf in Resources */,
			);
			runOnlyForDeploymentPostprocessing = 0;
		};
/* End PBXResourcesBuildPhase section */

/* Begin PBXShellScriptBuildPhase section */
		00DD1BFF1BD5951E006B06BC /* Bundle React Native code and images */ = {
			isa = PBXShellScriptBuildPhase;
			buildActionMask = 2147483647;
			files = (
			);
			inputPaths = (
			);
			name = "Bundle React Native code and images";
			outputPaths = (
			);
			runOnlyForDeploymentPostprocessing = 0;
			shellPath = /bin/sh;
			shellScript = "export NODE_BINARY=node\n../node_modules/react-native/scripts/react-native-xcode.sh\n";
		};
		02DE093B3C1DDF10C1FA3E9C /* [CP] Check Pods Manifest.lock */ = {
			isa = PBXShellScriptBuildPhase;
			buildActionMask = 2147483647;
			files = (
			);
			inputFileListPaths = (
			);
			inputPaths = (
				"${PODS_PODFILE_DIR_PATH}/Podfile.lock",
				"${PODS_ROOT}/Manifest.lock",
			);
			name = "[CP] Check Pods Manifest.lock";
			outputFileListPaths = (
			);
			outputPaths = (
				"$(DERIVED_FILE_DIR)/Pods-SquadCal-checkManifestLockResult.txt",
			);
			runOnlyForDeploymentPostprocessing = 0;
			shellPath = /bin/sh;
			shellScript = "diff \"${PODS_PODFILE_DIR_PATH}/Podfile.lock\" \"${PODS_ROOT}/Manifest.lock\" > /dev/null\nif [ $? != 0 ] ; then\n    # print error to STDERR\n    echo \"error: The sandbox is not in sync with the Podfile.lock. Run 'pod install' or update your CocoaPods installation.\" >&2\n    exit 1\nfi\n# This output is used by Xcode 'outputs' to avoid re-running this script phase.\necho \"SUCCESS\" > \"${SCRIPT_OUTPUT_FILE_0}\"\n";
			showEnvVarsInLog = 0;
		};
		DB38BFA0686C805CE44F051F /* [CP] Copy Pods Resources */ = {
			isa = PBXShellScriptBuildPhase;
			buildActionMask = 2147483647;
			files = (
			);
			inputPaths = (
				"${PODS_ROOT}/Target Support Files/Pods-SquadCal/Pods-SquadCal-resources.sh",
				"${PODS_ROOT}/../../../node_modules/react-native-vector-icons/Fonts/AntDesign.ttf",
				"${PODS_ROOT}/../../../node_modules/react-native-vector-icons/Fonts/Entypo.ttf",
				"${PODS_ROOT}/../../../node_modules/react-native-vector-icons/Fonts/EvilIcons.ttf",
				"${PODS_ROOT}/../../../node_modules/react-native-vector-icons/Fonts/Feather.ttf",
				"${PODS_ROOT}/../../../node_modules/react-native-vector-icons/Fonts/FontAwesome.ttf",
				"${PODS_ROOT}/../../../node_modules/react-native-vector-icons/Fonts/FontAwesome5_Brands.ttf",
				"${PODS_ROOT}/../../../node_modules/react-native-vector-icons/Fonts/FontAwesome5_Regular.ttf",
				"${PODS_ROOT}/../../../node_modules/react-native-vector-icons/Fonts/FontAwesome5_Solid.ttf",
				"${PODS_ROOT}/../../../node_modules/react-native-vector-icons/Fonts/Fontisto.ttf",
				"${PODS_ROOT}/../../../node_modules/react-native-vector-icons/Fonts/Foundation.ttf",
				"${PODS_ROOT}/../../../node_modules/react-native-vector-icons/Fonts/Ionicons.ttf",
				"${PODS_ROOT}/../../../node_modules/react-native-vector-icons/Fonts/MaterialCommunityIcons.ttf",
				"${PODS_ROOT}/../../../node_modules/react-native-vector-icons/Fonts/MaterialIcons.ttf",
				"${PODS_ROOT}/../../../node_modules/react-native-vector-icons/Fonts/Octicons.ttf",
				"${PODS_ROOT}/../../../node_modules/react-native-vector-icons/Fonts/SimpleLineIcons.ttf",
				"${PODS_ROOT}/../../../node_modules/react-native-vector-icons/Fonts/Zocial.ttf",
				"${PODS_CONFIGURATION_BUILD_DIR}/React-Core/AccessibilityResources.bundle",
			);
			name = "[CP] Copy Pods Resources";
			outputPaths = (
				"${TARGET_BUILD_DIR}/${UNLOCALIZED_RESOURCES_FOLDER_PATH}/AntDesign.ttf",
				"${TARGET_BUILD_DIR}/${UNLOCALIZED_RESOURCES_FOLDER_PATH}/Entypo.ttf",
				"${TARGET_BUILD_DIR}/${UNLOCALIZED_RESOURCES_FOLDER_PATH}/EvilIcons.ttf",
				"${TARGET_BUILD_DIR}/${UNLOCALIZED_RESOURCES_FOLDER_PATH}/Feather.ttf",
				"${TARGET_BUILD_DIR}/${UNLOCALIZED_RESOURCES_FOLDER_PATH}/FontAwesome.ttf",
				"${TARGET_BUILD_DIR}/${UNLOCALIZED_RESOURCES_FOLDER_PATH}/FontAwesome5_Brands.ttf",
				"${TARGET_BUILD_DIR}/${UNLOCALIZED_RESOURCES_FOLDER_PATH}/FontAwesome5_Regular.ttf",
				"${TARGET_BUILD_DIR}/${UNLOCALIZED_RESOURCES_FOLDER_PATH}/FontAwesome5_Solid.ttf",
				"${TARGET_BUILD_DIR}/${UNLOCALIZED_RESOURCES_FOLDER_PATH}/Fontisto.ttf",
				"${TARGET_BUILD_DIR}/${UNLOCALIZED_RESOURCES_FOLDER_PATH}/Foundation.ttf",
				"${TARGET_BUILD_DIR}/${UNLOCALIZED_RESOURCES_FOLDER_PATH}/Ionicons.ttf",
				"${TARGET_BUILD_DIR}/${UNLOCALIZED_RESOURCES_FOLDER_PATH}/MaterialCommunityIcons.ttf",
				"${TARGET_BUILD_DIR}/${UNLOCALIZED_RESOURCES_FOLDER_PATH}/MaterialIcons.ttf",
				"${TARGET_BUILD_DIR}/${UNLOCALIZED_RESOURCES_FOLDER_PATH}/Octicons.ttf",
				"${TARGET_BUILD_DIR}/${UNLOCALIZED_RESOURCES_FOLDER_PATH}/SimpleLineIcons.ttf",
				"${TARGET_BUILD_DIR}/${UNLOCALIZED_RESOURCES_FOLDER_PATH}/Zocial.ttf",
				"${TARGET_BUILD_DIR}/${UNLOCALIZED_RESOURCES_FOLDER_PATH}/AccessibilityResources.bundle",
			);
			runOnlyForDeploymentPostprocessing = 0;
			shellPath = /bin/sh;
			shellScript = "\"${PODS_ROOT}/Target Support Files/Pods-SquadCal/Pods-SquadCal-resources.sh\"\n";
			showEnvVarsInLog = 0;
		};
		EA2E8897D838D7F3E680EACE /* [CP] Embed Pods Frameworks */ = {
			isa = PBXShellScriptBuildPhase;
			buildActionMask = 2147483647;
			files = (
			);
			inputPaths = (
				"${PODS_ROOT}/Target Support Files/Pods-SquadCal/Pods-SquadCal-frameworks.sh",
				"${PODS_XCFRAMEWORKS_BUILD_DIR}/OpenSSL/OpenSSL.framework/OpenSSL",
			);
			name = "[CP] Embed Pods Frameworks";
			outputPaths = (
				"${TARGET_BUILD_DIR}/${FRAMEWORKS_FOLDER_PATH}/OpenSSL.framework",
			);
			runOnlyForDeploymentPostprocessing = 0;
			shellPath = /bin/sh;
			shellScript = "\"${PODS_ROOT}/Target Support Files/Pods-SquadCal/Pods-SquadCal-frameworks.sh\"\n";
			showEnvVarsInLog = 0;
		};
/* End PBXShellScriptBuildPhase section */

/* Begin PBXSourcesBuildPhase section */
		13B07F871A680F5B00A75B9A /* Sources */ = {
			isa = PBXSourcesBuildPhase;
			buildActionMask = 2147483647;
			files = (
				71CA4AEC262F236100835C89 /* Tools.mm in Sources */,
				7173BEB32627035D0089BF7A /* CommCoreModule.cpp in Sources */,
				13B07FBC1A68108700A75B9A /* AppDelegate.mm in Sources */,
				71CA4A64262DA8E500835C89 /* Logger.mm in Sources */,
				711B408425DA97F9005F8F06 /* dummy.swift in Sources */,
				7173BEB22627035D0089BF7A /* NativeModules.cpp in Sources */,
				13B07FC11A68108700A75B9A /* main.m in Sources */,
				7173BEB62627035D0089BF7A /* SQLiteManager.cpp in Sources */,
			);
			runOnlyForDeploymentPostprocessing = 0;
		};
/* End PBXSourcesBuildPhase section */

/* Begin XCBuildConfiguration section */
		13B07F941A680F5B00A75B9A /* Debug */ = {
			isa = XCBuildConfiguration;
			baseConfigurationReference = 47CCD255658AFBDBBBA0DFBA /* Pods-SquadCal.debug.xcconfig */;
			buildSettings = {
				ASSETCATALOG_COMPILER_APPICON_NAME = AppIcon;
				CLANG_CXX_LANGUAGE_STANDARD = "gnu++14";
				CLANG_ENABLE_MODULES = YES;
				CLANG_WARN_OBJC_ROOT_CLASS = YES;
				CODE_SIGN_ENTITLEMENTS = SquadCal/SquadCal.entitlements;
				"CODE_SIGN_IDENTITY[sdk=iphoneos*]" = "iPhone Developer";
				CURRENT_PROJECT_VERSION = 1;
				DEAD_CODE_STRIPPING = NO;
				DEVELOPMENT_TEAM = 6BF4H9TU5U;
				ENABLE_BITCODE = NO;
				"EXCLUDED_ARCHS[sdk=iphonesimulator*]" = arm64;
				GCC_PREPROCESSOR_DEFINITIONS = (
					"$(inherited)",
					"COCOAPODS=1",
					"FB_SONARKIT_ENABLED=1",
					"SD_WEBP=1",
				);
				HEADER_SEARCH_PATHS = (
					"$(inherited)",
					"$(SRCROOT)/../node_modules/react-native/Libraries/LinkingIOS",
					"$(PODS_ROOT)/boost-for-react-native",
				);
				INFOPLIST_FILE = SquadCal/Info.debug.plist;
				LD_RUNPATH_SEARCH_PATHS = "$(inherited) @executable_path/Frameworks";
				OTHER_CPLUSPLUSFLAGS = (
					"-DFOLLY_MOBILE=1",
					"-DFOLLY_NO_CONFIG",
					"-DFOLLY_USE_LIBCPP=1",
					"-DRNVERSION=63",
					"-fcxx-modules",
					"-fmodules",
				);
				OTHER_LDFLAGS = (
					"$(inherited)",
					"-ObjC",
					"-lc++",
				);
				PRODUCT_BUNDLE_IDENTIFIER = org.squadcal.app;
				PRODUCT_NAME = SquadCal;
				SWIFT_OBJC_BRIDGING_HEADER = "SquadCal-Bridging-Header.h";
				SWIFT_OPTIMIZATION_LEVEL = "-Onone";
				SWIFT_VERSION = 5.0;
				TARGETED_DEVICE_FAMILY = 1;
				VERSIONING_SYSTEM = "apple-generic";
			};
			name = Debug;
		};
		13B07F951A680F5B00A75B9A /* Release */ = {
			isa = XCBuildConfiguration;
			baseConfigurationReference = 5D92D07F9695E31E05F88732 /* Pods-SquadCal.release.xcconfig */;
			buildSettings = {
				ASSETCATALOG_COMPILER_APPICON_NAME = AppIcon;
				CLANG_CXX_LANGUAGE_STANDARD = "gnu++14";
				CLANG_ENABLE_MODULES = YES;
				CLANG_WARN_OBJC_ROOT_CLASS = YES;
				CODE_SIGN_ENTITLEMENTS = SquadCal/SquadCal.entitlements;
				"CODE_SIGN_IDENTITY[sdk=iphoneos*]" = "iPhone Developer";
				CURRENT_PROJECT_VERSION = 1;
				DEVELOPMENT_TEAM = 6BF4H9TU5U;
				ENABLE_BITCODE = YES;
				"EXCLUDED_ARCHS[sdk=iphonesimulator*]" = arm64;
				HEADER_SEARCH_PATHS = (
					"$(inherited)",
					"$(SRCROOT)/../node_modules/react-native/Libraries/LinkingIOS",
					"$(PODS_ROOT)/boost-for-react-native",
				);
				INFOPLIST_FILE = SquadCal/Info.release.plist;
				LD_RUNPATH_SEARCH_PATHS = "$(inherited) @executable_path/Frameworks";
				ONLY_ACTIVE_ARCH = YES;
				OTHER_CPLUSPLUSFLAGS = (
					"-DFOLLY_MOBILE=1",
					"-DFOLLY_NO_CONFIG",
					"-DFOLLY_USE_LIBCPP=1",
					"-DRNVERSION=63",
					"-fcxx-modules",
					"-fmodules",
				);
				OTHER_LDFLAGS = (
					"$(inherited)",
					"-ObjC",
					"-lc++",
				);
				PRODUCT_BUNDLE_IDENTIFIER = org.squadcal.app;
				PRODUCT_NAME = SquadCal;
				SWIFT_OBJC_BRIDGING_HEADER = "SquadCal-Bridging-Header.h";
				SWIFT_VERSION = 5.0;
				TARGETED_DEVICE_FAMILY = 1;
				VERSIONING_SYSTEM = "apple-generic";
			};
			name = Release;
		};
		83CBBA201A601CBA00E9B192 /* Debug */ = {
			isa = XCBuildConfiguration;
			buildSettings = {
				ALWAYS_SEARCH_USER_PATHS = NO;
				CLANG_ANALYZER_LOCALIZABILITY_NONLOCALIZED = YES;
				CLANG_CXX_LANGUAGE_STANDARD = "gnu++0x";
				CLANG_CXX_LIBRARY = "libc++";
				CLANG_ENABLE_MODULES = YES;
				CLANG_ENABLE_OBJC_ARC = YES;
				CLANG_WARN_BLOCK_CAPTURE_AUTORELEASING = YES;
				CLANG_WARN_BOOL_CONVERSION = YES;
				CLANG_WARN_COMMA = YES;
				CLANG_WARN_CONSTANT_CONVERSION = YES;
				CLANG_WARN_DEPRECATED_OBJC_IMPLEMENTATIONS = YES;
				CLANG_WARN_DIRECT_OBJC_ISA_USAGE = YES_ERROR;
				CLANG_WARN_EMPTY_BODY = YES;
				CLANG_WARN_ENUM_CONVERSION = YES;
				CLANG_WARN_INFINITE_RECURSION = YES;
				CLANG_WARN_INT_CONVERSION = YES;
				CLANG_WARN_NON_LITERAL_NULL_CONVERSION = YES;
				CLANG_WARN_OBJC_IMPLICIT_RETAIN_SELF = YES;
				CLANG_WARN_OBJC_LITERAL_CONVERSION = YES;
				CLANG_WARN_OBJC_ROOT_CLASS = YES_ERROR;
				CLANG_WARN_RANGE_LOOP_ANALYSIS = YES;
				CLANG_WARN_STRICT_PROTOTYPES = YES;
				CLANG_WARN_SUSPICIOUS_MOVE = YES;
				CLANG_WARN_UNREACHABLE_CODE = YES;
				CLANG_WARN__DUPLICATE_METHOD_MATCH = YES;
				"CODE_SIGN_IDENTITY[sdk=iphoneos*]" = "iPhone Developer";
				COPY_PHASE_STRIP = NO;
				ENABLE_STRICT_OBJC_MSGSEND = YES;
				ENABLE_TESTABILITY = YES;
				GCC_C_LANGUAGE_STANDARD = gnu99;
				GCC_DYNAMIC_NO_PIC = NO;
				GCC_NO_COMMON_BLOCKS = YES;
				GCC_OPTIMIZATION_LEVEL = 0;
				GCC_PREPROCESSOR_DEFINITIONS = (
					"DEBUG=1",
					"FB_SONARKIT_ENABLED=1",
					"$(inherited)",
				);
				GCC_SYMBOLS_PRIVATE_EXTERN = NO;
				GCC_WARN_64_TO_32_BIT_CONVERSION = YES;
				GCC_WARN_ABOUT_RETURN_TYPE = YES_ERROR;
				GCC_WARN_UNDECLARED_SELECTOR = YES;
				GCC_WARN_UNINITIALIZED_AUTOS = YES_AGGRESSIVE;
				GCC_WARN_UNUSED_FUNCTION = YES;
				GCC_WARN_UNUSED_VARIABLE = YES;
				IPHONEOS_DEPLOYMENT_TARGET = 9.0;
				MTL_ENABLE_DEBUG_INFO = YES;
				ONLY_ACTIVE_ARCH = YES;
				SDKROOT = iphoneos;
			};
			name = Debug;
		};
		83CBBA211A601CBA00E9B192 /* Release */ = {
			isa = XCBuildConfiguration;
			buildSettings = {
				ALWAYS_SEARCH_USER_PATHS = NO;
				CLANG_ANALYZER_LOCALIZABILITY_NONLOCALIZED = YES;
				CLANG_CXX_LANGUAGE_STANDARD = "gnu++0x";
				CLANG_CXX_LIBRARY = "libc++";
				CLANG_ENABLE_MODULES = YES;
				CLANG_ENABLE_OBJC_ARC = YES;
				CLANG_WARN_BLOCK_CAPTURE_AUTORELEASING = YES;
				CLANG_WARN_BOOL_CONVERSION = YES;
				CLANG_WARN_COMMA = YES;
				CLANG_WARN_CONSTANT_CONVERSION = YES;
				CLANG_WARN_DEPRECATED_OBJC_IMPLEMENTATIONS = YES;
				CLANG_WARN_DIRECT_OBJC_ISA_USAGE = YES_ERROR;
				CLANG_WARN_EMPTY_BODY = YES;
				CLANG_WARN_ENUM_CONVERSION = YES;
				CLANG_WARN_INFINITE_RECURSION = YES;
				CLANG_WARN_INT_CONVERSION = YES;
				CLANG_WARN_NON_LITERAL_NULL_CONVERSION = YES;
				CLANG_WARN_OBJC_IMPLICIT_RETAIN_SELF = YES;
				CLANG_WARN_OBJC_LITERAL_CONVERSION = YES;
				CLANG_WARN_OBJC_ROOT_CLASS = YES_ERROR;
				CLANG_WARN_RANGE_LOOP_ANALYSIS = YES;
				CLANG_WARN_STRICT_PROTOTYPES = YES;
				CLANG_WARN_SUSPICIOUS_MOVE = YES;
				CLANG_WARN_UNREACHABLE_CODE = YES;
				CLANG_WARN__DUPLICATE_METHOD_MATCH = YES;
				"CODE_SIGN_IDENTITY[sdk=iphoneos*]" = "iPhone Developer";
				COPY_PHASE_STRIP = YES;
				ENABLE_NS_ASSERTIONS = NO;
				ENABLE_STRICT_OBJC_MSGSEND = YES;
				GCC_C_LANGUAGE_STANDARD = gnu99;
				GCC_NO_COMMON_BLOCKS = YES;
				GCC_WARN_64_TO_32_BIT_CONVERSION = YES;
				GCC_WARN_ABOUT_RETURN_TYPE = YES_ERROR;
				GCC_WARN_UNDECLARED_SELECTOR = YES;
				GCC_WARN_UNINITIALIZED_AUTOS = YES_AGGRESSIVE;
				GCC_WARN_UNUSED_FUNCTION = YES;
				GCC_WARN_UNUSED_VARIABLE = YES;
				IPHONEOS_DEPLOYMENT_TARGET = 9.0;
				MTL_ENABLE_DEBUG_INFO = NO;
				SDKROOT = iphoneos;
				SWIFT_COMPILATION_MODE = wholemodule;
				VALIDATE_PRODUCT = YES;
			};
			name = Release;
		};
/* End XCBuildConfiguration section */

/* Begin XCConfigurationList section */
		13B07F931A680F5B00A75B9A /* Build configuration list for PBXNativeTarget "SquadCal" */ = {
			isa = XCConfigurationList;
			buildConfigurations = (
				13B07F941A680F5B00A75B9A /* Debug */,
				13B07F951A680F5B00A75B9A /* Release */,
			);
			defaultConfigurationIsVisible = 0;
			defaultConfigurationName = Release;
		};
		83CBB9FA1A601CBA00E9B192 /* Build configuration list for PBXProject "SquadCal" */ = {
			isa = XCConfigurationList;
			buildConfigurations = (
				83CBBA201A601CBA00E9B192 /* Debug */,
				83CBBA211A601CBA00E9B192 /* Release */,
			);
			defaultConfigurationIsVisible = 0;
			defaultConfigurationName = Release;
		};
/* End XCConfigurationList section */
	};
	rootObject = 83CBB9F71A601CBA00E9B192 /* Project object */;
}
